// !$*UTF8*$!
{
	archiveVersion = 1;
	classes = {
	};
	objectVersion = 46;
	objects = {

/* Begin PBXBuildFile section */
		E2CD91081720717A006EF586 /* UIKit.framework in Frameworks */ = {isa = PBXBuildFile; fileRef = E2CD91071720717A006EF586 /* UIKit.framework */; };
		E2CD910A1720717A006EF586 /* Foundation.framework in Frameworks */ = {isa = PBXBuildFile; fileRef = E2CD91091720717A006EF586 /* Foundation.framework */; };
		E2CD910C1720717A006EF586 /* CoreGraphics.framework in Frameworks */ = {isa = PBXBuildFile; fileRef = E2CD910B1720717A006EF586 /* CoreGraphics.framework */; };
		E2CD91121720717A006EF586 /* InfoPlist.strings in Resources */ = {isa = PBXBuildFile; fileRef = E2CD91101720717A006EF586 /* InfoPlist.strings */; };
		E2CD91141720717A006EF586 /* main.m in Sources */ = {isa = PBXBuildFile; fileRef = E2CD91131720717A006EF586 /* main.m */; };
		E2CD91181720717A006EF586 /* AppDelegate.m in Sources */ = {isa = PBXBuildFile; fileRef = E2CD91171720717A006EF586 /* AppDelegate.m */; };
		E2CD911A1720717A006EF586 /* Default.png in Resources */ = {isa = PBXBuildFile; fileRef = E2CD91191720717A006EF586 /* Default.png */; };
		E2CD911C1720717A006EF586 /* Default@2x.png in Resources */ = {isa = PBXBuildFile; fileRef = E2CD911B1720717A006EF586 /* Default@2x.png */; };
		E2CD911E1720717A006EF586 /* Default-568h@2x.png in Resources */ = {isa = PBXBuildFile; fileRef = E2CD911D1720717A006EF586 /* Default-568h@2x.png */; };
		E2CD91211720717A006EF586 /* ViewController.m in Sources */ = {isa = PBXBuildFile; fileRef = E2CD91201720717A006EF586 /* ViewController.m */; };
		E2CD91241720717A006EF586 /* ViewController.xib in Resources */ = {isa = PBXBuildFile; fileRef = E2CD91221720717A006EF586 /* ViewController.xib */; };
		E2CD912B17207266006EF586 /* Social.framework in Frameworks */ = {isa = PBXBuildFile; fileRef = E2CD912A17207266006EF586 /* Social.framework */; };
/* End PBXBuildFile section */

/* Begin PBXFileReference section */
		E2CD91041720717A006EF586 /* FacebookPostDemo.app */ = {isa = PBXFileReference; explicitFileType = wrapper.application; includeInIndex = 0; path = FacebookPostDemo.app; sourceTree = BUILT_PRODUCTS_DIR; };
		E2CD91071720717A006EF586 /* UIKit.framework */ = {isa = PBXFileReference; lastKnownFileType = wrapper.framework; name = UIKit.framework; path = System/Library/Frameworks/UIKit.framework; sourceTree = SDKROOT; };
		E2CD91091720717A006EF586 /* Foundation.framework */ = {isa = PBXFileReference; lastKnownFileType = wrapper.framework; name = Foundation.framework; path = System/Library/Frameworks/Foundation.framework; sourceTree = SDKROOT; };
		E2CD910B1720717A006EF586 /* CoreGraphics.framework */ = {isa = PBXFileReference; lastKnownFileType = wrapper.framework; name = CoreGraphics.framework; path = System/Library/Frameworks/CoreGraphics.framework; sourceTree = SDKROOT; };
		E2CD910F1720717A006EF586 /* FacebookPostDemo-Info.plist */ = {isa = PBXFileReference; lastKnownFileType = text.plist.xml; path = "FacebookPostDemo-Info.plist"; sourceTree = "<group>"; };
		E2CD91111720717A006EF586 /* en */ = {isa = PBXFileReference; lastKnownFileType = text.plist.strings; name = en; path = en.lproj/InfoPlist.strings; sourceTree = "<group>"; };
		E2CD91131720717A006EF586 /* main.m */ = {isa = PBXFileReference; lastKnownFileType = sourcecode.c.objc; path = main.m; sourceTree = "<group>"; };
		E2CD91151720717A006EF586 /* FacebookPostDemo-Prefix.pch */ = {isa = PBXFileReference; lastKnownFileType = sourcecode.c.h; path = "FacebookPostDemo-Prefix.pch"; sourceTree = "<group>"; };
		E2CD91161720717A006EF586 /* AppDelegate.h */ = {isa = PBXFileReference; lastKnownFileType = sourcecode.c.h; path = AppDelegate.h; sourceTree = "<group>"; };
		E2CD91171720717A006EF586 /* AppDelegate.m */ = {isa = PBXFileReference; lastKnownFileType = sourcecode.c.objc; path = AppDelegate.m; sourceTree = "<group>"; };
		E2CD91191720717A006EF586 /* Default.png */ = {isa = PBXFileReference; lastKnownFileType = image.png; path = Default.png; sourceTree = "<group>"; };
		E2CD911B1720717A006EF586 /* Default@2x.png */ = {isa = PBXFileReference; lastKnownFileType = image.png; path = "Default@2x.png"; sourceTree = "<group>"; };
		E2CD911D1720717A006EF586 /* Default-568h@2x.png */ = {isa = PBXFileReference; lastKnownFileType = image.png; path = "Default-568h@2x.png"; sourceTree = "<group>"; };
		E2CD911F1720717A006EF586 /* ViewController.h */ = {isa = PBXFileReference; lastKnownFileType = sourcecode.c.h; path = ViewController.h; sourceTree = "<group>"; };
		E2CD91201720717A006EF586 /* ViewController.m */ = {isa = PBXFileReference; lastKnownFileType = sourcecode.c.objc; path = ViewController.m; sourceTree = "<group>"; };
		E2CD91231720717A006EF586 /* en */ = {isa = PBXFileReference; lastKnownFileType = file.xib; name = en; path = en.lproj/ViewController.xib; sourceTree = "<group>"; };
		E2CD912A17207266006EF586 /* Social.framework */ = {isa = PBXFileReference; lastKnownFileType = wrapper.framework; name = Social.framework; path = System/Library/Frameworks/Social.framework; sourceTree = SDKROOT; };
/* End PBXFileReference section */

/* Begin PBXFrameworksBuildPhase section */
		E2CD91011720717A006EF586 /* Frameworks */ = {
			isa = PBXFrameworksBuildPhase;
			buildActionMask = 2147483647;
			files = (
				E2CD912B17207266006EF586 /* Social.framework in Frameworks */,
				E2CD91081720717A006EF586 /* UIKit.framework in Frameworks */,
				E2CD910A1720717A006EF586 /* Foundation.framework in Frameworks */,
				E2CD910C1720717A006EF586 /* CoreGraphics.framework in Frameworks */,
			);
			runOnlyForDeploymentPostprocessing = 0;
		};
/* End PBXFrameworksBuildPhase section */

/* Begin PBXGroup section */
		E2CD90FB1720717A006EF586 = {
			isa = PBXGroup;
			children = (
				E2CD912A17207266006EF586 /* Social.framework */,
				E2CD910D1720717A006EF586 /* FacebookPostDemo */,
				E2CD91061720717A006EF586 /* Frameworks */,
				E2CD91051720717A006EF586 /* Products */,
			);
			sourceTree = "<group>";
		};
		E2CD91051720717A006EF586 /* Products */ = {
			isa = PBXGroup;
			children = (
				E2CD91041720717A006EF586 /* FacebookPostDemo.app */,
			);
			name = Products;
			sourceTree = "<group>";
		};
		E2CD91061720717A006EF586 /* Frameworks */ = {
			isa = PBXGroup;
			children = (
				E2CD91071720717A006EF586 /* UIKit.framework */,
				E2CD91091720717A006EF586 /* Foundation.framework */,
				E2CD910B1720717A006EF586 /* CoreGraphics.framework */,
			);
			name = Frameworks;
			sourceTree = "<group>";
		};
		E2CD910D1720717A006EF586 /* FacebookPostDemo */ = {
			isa = PBXGroup;
			children = (
				E2CD91161720717A006EF586 /* AppDelegate.h */,
				E2CD91171720717A006EF586 /* AppDelegate.m */,
				E2CD911F1720717A006EF586 /* ViewController.h */,
				E2CD91201720717A006EF586 /* ViewController.m */,
				E2CD91221720717A006EF586 /* ViewController.xib */,
				E2CD910E1720717A006EF586 /* Supporting Files */,
			);
			path = FacebookPostDemo;
			sourceTree = "<group>";
		};
		E2CD910E1720717A006EF586 /* Supporting Files */ = {
			isa = PBXGroup;
			children = (
				E2CD910F1720717A006EF586 /* FacebookPostDemo-Info.plist */,
				E2CD91101720717A006EF586 /* InfoPlist.strings */,
				E2CD91131720717A006EF586 /* main.m */,
				E2CD91151720717A006EF586 /* FacebookPostDemo-Prefix.pch */,
				E2CD91191720717A006EF586 /* Default.png */,
				E2CD911B1720717A006EF586 /* Default@2x.png */,
				E2CD911D1720717A006EF586 /* Default-568h@2x.png */,
			);
			name = "Supporting Files";
			sourceTree = "<group>";
		};
/* End PBXGroup section */

/* Begin PBXNativeTarget section */
		E2CD91031720717A006EF586 /* FacebookPostDemo */ = {
			isa = PBXNativeTarget;
			buildConfigurationList = E2CD91271720717A006EF586 /* Build configuration list for PBXNativeTarget "FacebookPostDemo" */;
			buildPhases = (
				E2CD91001720717A006EF586 /* Sources */,
				E2CD91011720717A006EF586 /* Frameworks */,
				E2CD91021720717A006EF586 /* Resources */,
			);
			buildRules = (
			);
			dependencies = (
			);
			name = FacebookPostDemo;
			productName = FacebookPostDemo;
			productReference = E2CD91041720717A006EF586 /* FacebookPostDemo.app */;
			productType = "com.apple.product-type.application";
		};
/* End PBXNativeTarget section */

/* Begin PBXProject section */
		E2CD90FC1720717A006EF586 /* Project object */ = {
			isa = PBXProject;
			attributes = {
				LastUpgradeCheck = 0460;
				ORGANIZATIONNAME = "Arthur Knopper";
			};
			buildConfigurationList = E2CD90FF1720717A006EF586 /* Build configuration list for PBXProject "FacebookPostDemo" */;
			compatibilityVersion = "Xcode 3.2";
			developmentRegion = English;
			hasScannedForEncodings = 0;
			knownRegions = (
				en,
			);
			mainGroup = E2CD90FB1720717A006EF586;
			productRefGroup = E2CD91051720717A006EF586 /* Products */;
			projectDirPath = "";
			projectRoot = "";
			targets = (
				E2CD91031720717A006EF586 /* FacebookPostDemo */,
			);
		};
/* End PBXProject section */

/* Begin PBXResourcesBuildPhase section */
		E2CD91021720717A006EF586 /* Resources */ = {
			isa = PBXResourcesBuildPhase;
			buildActionMask = 2147483647;
			files = (
				E2CD91121720717A006EF586 /* InfoPlist.strings in Resources */,
				E2CD911A1720717A006EF586 /* Default.png in Resources */,
				E2CD911C1720717A006EF586 /* Default@2x.png in Resources */,
				E2CD911E1720717A006EF586 /* Default-568h@2x.png in Resources */,
				E2CD91241720717A006EF586 /* ViewController.xib in Resources */,
			);
			runOnlyForDeploymentPostprocessing = 0;
		};
/* End PBXResourcesBuildPhase section */

/* Begin PBXSourcesBuildPhase section */
		E2CD91001720717A006EF586 /* Sources */ = {
			isa = PBXSourcesBuildPhase;
			buildActionMask = 2147483647;
			files = (
				E2CD91141720717A006EF586 /* main.m in Sources */,
				E2CD91181720717A006EF586 /* AppDelegate.m in Sources */,
				E2CD91211720717A006EF586 /* ViewController.m in Sources */,
			);
			runOnlyForDeploymentPostprocessing = 0;
		};
/* End PBXSourcesBuildPhase section */

/* Begin PBXVariantGroup section */
		E2CD91101720717A006EF586 /* InfoPlist.strings */ = {
			isa = PBXVariantGroup;
			children = (
				E2CD91111720717A006EF586 /* en */,
			);
			name = InfoPlist.strings;
			sourceTree = "<group>";
		};
		E2CD91221720717A006EF586 /* ViewController.xib */ = {
			isa = PBXVariantGroup;
			children = (
				E2CD91231720717A006EF586 /* en */,
			);
			name = ViewController.xib;
			sourceTree = "<group>";
		};
/* End PBXVariantGroup section */

/* Begin XCBuildConfiguration section */
		E2CD91251720717A006EF586 /* Debug */ = {
			isa = XCBuildConfiguration;
			buildSettings = {
				ALWAYS_SEARCH_USER_PATHS = NO;
				CLANG_CXX_LANGUAGE_STANDARD = "gnu++0x";
				CLANG_CXX_LIBRARY = "libc++";
				CLANG_ENABLE_OBJC_ARC = YES;
				CLANG_WARN_CONSTANT_CONVERSION = YES;
				CLANG_WARN_EMPTY_BODY = YES;
				CLANG_WARN_ENUM_CONVERSION = YES;
				CLANG_WARN_INT_CONVERSION = YES;
				CLANG_WARN__DUPLICATE_METHOD_MATCH = YES;
				"CODE_SIGN_IDENTITY[sdk=iphoneos*]" = "iPhone Developer";
				COPY_PHASE_STRIP = NO;
				GCC_C_LANGUAGE_STANDARD = gnu99;
				GCC_DYNAMIC_NO_PIC = NO;
				GCC_OPTIMIZATION_LEVEL = 0;
				GCC_PREPROCESSOR_DEFINITIONS = (
					"DEBUG=1",
					"$(inherited)",
				);
				GCC_SYMBOLS_PRIVATE_EXTERN = NO;
				GCC_WARN_ABOUT_RETURN_TYPE = YES;
				GCC_WARN_UNINITIALIZED_AUTOS = YES;
				GCC_WARN_UNUSED_VARIABLE = YES;
				IPHONEOS_DEPLOYMENT_TARGET = 6.1;
				ONLY_ACTIVE_ARCH = YES;
				SDKROOT = iphoneos;
			};
			name = Debug;
		};
		E2CD91261720717A006EF586 /* Release */ = {
			isa = XCBuildConfiguration;
			buildSettings = {
				ALWAYS_SEARCH_USER_PATHS = NO;
				CLANG_CXX_LANGUAGE_STANDARD = "gnu++0x";
				CLANG_CXX_LIBRARY = "libc++";
				CLANG_ENABLE_OBJC_ARC = YES;
				CLANG_WARN_CONSTANT_CONVERSION = YES;
				CLANG_WARN_EMPTY_BODY = YES;
				CLANG_WARN_ENUM_CONVERSION = YES;
				CLANG_WARN_INT_CONVERSION = YES;
				CLANG_WARN__DUPLICATE_METHOD_MATCH = YES;
				"CODE_SIGN_IDENTITY[sdk=iphoneos*]" = "iPhone Developer";
				COPY_PHASE_STRIP = YES;
				GCC_C_LANGUAGE_STANDARD = gnu99;
				GCC_WARN_ABOUT_RETURN_TYPE = YES;
				GCC_WARN_UNINITIALIZED_AUTOS = YES;
				GCC_WARN_UNUSED_VARIABLE = YES;
				IPHONEOS_DEPLOYMENT_TARGET = 6.1;
				OTHER_CFLAGS = "-DNS_BLOCK_ASSERTIONS=1";
				SDKROOT = iphoneos;
				VALIDATE_PRODUCT = YES;
			};
			name = Release;
		};
		E2CD91281720717A006EF586 /* Debug */ = {
			isa = XCBuildConfiguration;
			buildSettings = {
				GCC_PRECOMPILE_PREFIX_HEADER = YES;
				GCC_PREFIX_HEADER = "FacebookPostDemo/FacebookPostDemo-Prefix.pch";
				INFOPLIST_FILE = "FacebookPostDemo/FacebookPostDemo-Info.plist";
				PRODUCT_NAME = "$(TARGET_NAME)";
				WRAPPER_EXTENSION = app;
			};
			name = Debug;
		};
		E2CD91291720717A006EF586 /* Release */ = {
			isa = XCBuildConfiguration;
			buildSettings = {
				GCC_PRECOMPILE_PREFIX_HEADER = YES;
				GCC_PREFIX_HEADER = "FacebookPostDemo/FacebookPostDemo-Prefix.pch";
				INFOPLIST_FILE = "FacebookPostDemo/FacebookPostDemo-Info.plist";
				PRODUCT_NAME = "$(TARGET_NAME)";
				WRAPPER_EXTENSION = app;
			};
			name = Release;
		};
/* End XCBuildConfiguration section */

/* Begin XCConfigurationList section */
		E2CD90FF1720717A006EF586 /* Build configuration list for PBXProject "FacebookPostDemo" */ = {
			isa = XCConfigurationList;
			buildConfigurations = (
				E2CD91251720717A006EF586 /* Debug */,
				E2CD91261720717A006EF586 /* Release */,
			);
			defaultConfigurationIsVisible = 0;
			defaultConfigurationName = Release;
		};
		E2CD91271720717A006EF586 /* Build configuration list for PBXNativeTarget "FacebookPostDemo" */ = {
			isa = XCConfigurationList;
			buildConfigurations = (
				E2CD91281720717A006EF586 /* Debug */,
				E2CD91291720717A006EF586 /* Release */,
			);
			defaultConfigurationIsVisible = 0;
		};
/* End XCConfigurationList section */
	};
	rootObject = E2CD90FC1720717A006EF586 /* Project object */;
}
