// !$*UTF8*$!
{
	archiveVersion = 1;
	classes = {
	};
	objectVersion = 50;
	objects = {

/* Begin PBXBuildFile section */
		A4FE2195234A58CF00D86829 /* AppDelegate.swift in Sources */ = {isa = PBXBuildFile; fileRef = A4FE2194234A58CF00D86829 /* AppDelegate.swift */; };
		A4FE2197234A58CF00D86829 /* SceneDelegate.swift in Sources */ = {isa = PBXBuildFile; fileRef = A4FE2196234A58CF00D86829 /* SceneDelegate.swift */; };
		A4FE2199234A58CF00D86829 /* ContentView.swift in Sources */ = {isa = PBXBuildFile; fileRef = A4FE2198234A58CF00D86829 /* ContentView.swift */; };
		A4FE219B234A58D400D86829 /* Assets.xcassets in Resources */ = {isa = PBXBuildFile; fileRef = A4FE219A234A58D400D86829 /* Assets.xcassets */; };
		A4FE219E234A58D400D86829 /* Preview Assets.xcassets in Resources */ = {isa = PBXBuildFile; fileRef = A4FE219D234A58D400D86829 /* Preview Assets.xcassets */; };
		A4FE21A1234A58D400D86829 /* LaunchScreen.storyboard in Resources */ = {isa = PBXBuildFile; fileRef = A4FE219F234A58D400D86829 /* LaunchScreen.storyboard */; };
/* End PBXBuildFile section */

/* Begin PBXFileReference section */
		A4FE2191234A58CF00D86829 /* SwiftUIDatePickerTutorial.app */ = {isa = PBXFileReference; explicitFileType = wrapper.application; includeInIndex = 0; path = SwiftUIDatePickerTutorial.app; sourceTree = BUILT_PRODUCTS_DIR; };
		A4FE2194234A58CF00D86829 /* AppDelegate.swift */ = {isa = PBXFileReference; lastKnownFileType = sourcecode.swift; path = AppDelegate.swift; sourceTree = "<group>"; };
		A4FE2196234A58CF00D86829 /* SceneDelegate.swift */ = {isa = PBXFileReference; lastKnownFileType = sourcecode.swift; path = SceneDelegate.swift; sourceTree = "<group>"; };
		A4FE2198234A58CF00D86829 /* ContentView.swift */ = {isa = PBXFileReference; lastKnownFileType = sourcecode.swift; path = ContentView.swift; sourceTree = "<group>"; };
		A4FE219A234A58D400D86829 /* Assets.xcassets */ = {isa = PBXFileReference; lastKnownFileType = folder.assetcatalog; path = Assets.xcassets; sourceTree = "<group>"; };
		A4FE219D234A58D400D86829 /* Preview Assets.xcassets */ = {isa = PBXFileReference; lastKnownFileType = folder.assetcatalog; path = "Preview Assets.xcassets"; sourceTree = "<group>"; };
		A4FE21A0234A58D400D86829 /* Base */ = {isa = PBXFileReference; lastKnownFileType = file.storyboard; name = Base; path = Base.lproj/LaunchScreen.storyboard; sourceTree = "<group>"; };
		A4FE21A2234A58D400D86829 /* Info.plist */ = {isa = PBXFileReference; lastKnownFileType = text.plist.xml; path = Info.plist; sourceTree = "<group>"; };
/* End PBXFileReference section */

/* Begin PBXFrameworksBuildPhase section */
		A4FE218E234A58CF00D86829 /* Frameworks */ = {
			isa = PBXFrameworksBuildPhase;
			buildActionMask = 2147483647;
			files = (
			);
			runOnlyForDeploymentPostprocessing = 0;
		};
/* End PBXFrameworksBuildPhase section */

/* Begin PBXGroup section */
		A4FE2188234A58CF00D86829 = {
			isa = PBXGroup;
			children = (
				A4FE2193234A58CF00D86829 /* SwiftUIDatePickerTutorial */,
				A4FE2192234A58CF00D86829 /* Products */,
			);
			sourceTree = "<group>";
		};
		A4FE2192234A58CF00D86829 /* Products */ = {
			isa = PBXGroup;
			children = (
				A4FE2191234A58CF00D86829 /* SwiftUIDatePickerTutorial.app */,
			);
			name = Products;
			sourceTree = "<group>";
		};
		A4FE2193234A58CF00D86829 /* SwiftUIDatePickerTutorial */ = {
			isa = PBXGroup;
			children = (
				A4FE2194234A58CF00D86829 /* AppDelegate.swift */,
				A4FE2196234A58CF00D86829 /* SceneDelegate.swift */,
				A4FE2198234A58CF00D86829 /* ContentView.swift */,
				A4FE219A234A58D400D86829 /* Assets.xcassets */,
				A4FE219F234A58D400D86829 /* LaunchScreen.storyboard */,
				A4FE21A2234A58D400D86829 /* Info.plist */,
				A4FE219C234A58D400D86829 /* Preview Content */,
			);
			path = SwiftUIDatePickerTutorial;
			sourceTree = "<group>";
		};
		A4FE219C234A58D400D86829 /* Preview Content */ = {
			isa = PBXGroup;
			children = (
				A4FE219D234A58D400D86829 /* Preview Assets.xcassets */,
			);
			path = "Preview Content";
			sourceTree = "<group>";
		};
/* End PBXGroup section */

/* Begin PBXNativeTarget section */
		A4FE2190234A58CF00D86829 /* SwiftUIDatePickerTutorial */ = {
			isa = PBXNativeTarget;
			buildConfigurationList = A4FE21A5234A58D400D86829 /* Build configuration list for PBXNativeTarget "SwiftUIDatePickerTutorial" */;
			buildPhases = (
				A4FE218D234A58CF00D86829 /* Sources */,
				A4FE218E234A58CF00D86829 /* Frameworks */,
				A4FE218F234A58CF00D86829 /* Resources */,
			);
			buildRules = (
			);
			dependencies = (
			);
			name = SwiftUIDatePickerTutorial;
			productName = SwiftUIDatePickerTutorial;
			productReference = A4FE2191234A58CF00D86829 /* SwiftUIDatePickerTutorial.app */;
			productType = "com.apple.product-type.application";
		};
/* End PBXNativeTarget section */

/* Begin PBXProject section */
		A4FE2189234A58CF00D86829 /* Project object */ = {
			isa = PBXProject;
			attributes = {
				LastSwiftUpdateCheck = 1100;
				LastUpgradeCheck = 1100;
				ORGANIZATIONNAME = "Arthur Knopper";
				TargetAttributes = {
					A4FE2190234A58CF00D86829 = {
						CreatedOnToolsVersion = 11.0;
					};
				};
			};
			buildConfigurationList = A4FE218C234A58CF00D86829 /* Build configuration list for PBXProject "SwiftUIDatePickerTutorial" */;
			compatibilityVersion = "Xcode 9.3";
			developmentRegion = en;
			hasScannedForEncodings = 0;
			knownRegions = (
				en,
				Base,
			);
			mainGroup = A4FE2188234A58CF00D86829;
			productRefGroup = A4FE2192234A58CF00D86829 /* Products */;
			projectDirPath = "";
			projectRoot = "";
			targets = (
				A4FE2190234A58CF00D86829 /* SwiftUIDatePickerTutorial */,
			);
		};
/* End PBXProject section */

/* Begin PBXResourcesBuildPhase section */
		A4FE218F234A58CF00D86829 /* Resources */ = {
			isa = PBXResourcesBuildPhase;
			buildActionMask = 2147483647;
			files = (
				A4FE21A1234A58D400D86829 /* LaunchScreen.storyboard in Resources */,
				A4FE219E234A58D400D86829 /* Preview Assets.xcassets in Resources */,
				A4FE219B234A58D400D86829 /* Assets.xcassets in Resources */,
			);
			runOnlyForDeploymentPostprocessing = 0;
		};
/* End PBXResourcesBuildPhase section */

/* Begin PBXSourcesBuildPhase section */
		A4FE218D234A58CF00D86829 /* Sources */ = {
			isa = PBXSourcesBuildPhase;
			buildActionMask = 2147483647;
			files = (
				A4FE2195234A58CF00D86829 /* AppDelegate.swift in Sources */,
				A4FE2197234A58CF00D86829 /* SceneDelegate.swift in Sources */,
				A4FE2199234A58CF00D86829 /* ContentView.swift in Sources */,
			);
			runOnlyForDeploymentPostprocessing = 0;
		};
/* End PBXSourcesBuildPhase section */

/* Begin PBXVariantGroup section */
		A4FE219F234A58D400D86829 /* LaunchScreen.storyboard */ = {
			isa = PBXVariantGroup;
			children = (
				A4FE21A0234A58D400D86829 /* Base */,
			);
			name = LaunchScreen.storyboard;
			sourceTree = "<group>";
		};
/* End PBXVariantGroup section */

/* Begin XCBuildConfiguration section */
		A4FE21A3234A58D400D86829 /* Debug */ = {
			isa = XCBuildConfiguration;
			buildSettings = {
				ALWAYS_SEARCH_USER_PATHS = NO;
				CLANG_ANALYZER_NONNULL = YES;
				CLANG_ANALYZER_NUMBER_OBJECT_CONVERSION = YES_AGGRESSIVE;
				CLANG_CXX_LANGUAGE_STANDARD = "gnu++14";
				CLANG_CXX_LIBRARY = "libc++";
				CLANG_ENABLE_MODULES = YES;
				CLANG_ENABLE_OBJC_ARC = YES;
				CLANG_ENABLE_OBJC_WEAK = YES;
				CLANG_WARN_BLOCK_CAPTURE_AUTORELEASING = YES;
				CLANG_WARN_BOOL_CONVERSION = YES;
				CLANG_WARN_COMMA = YES;
				CLANG_WARN_CONSTANT_CONVERSION = YES;
				CLANG_WARN_DEPRECATED_OBJC_IMPLEMENTATIONS = YES;
				CLANG_WARN_DIRECT_OBJC_ISA_USAGE = YES_ERROR;
				CLANG_WARN_DOCUMENTATION_COMMENTS = YES;
				CLANG_WARN_EMPTY_BODY = YES;
				CLANG_WARN_ENUM_CONVERSION = YES;
				CLANG_WARN_INFINITE_RECURSION = YES;
				CLANG_WARN_INT_CONVERSION = YES;
				CLANG_WARN_NON_LITERAL_NULL_CONVERSION = YES;
				CLANG_WARN_OBJC_IMPLICIT_RETAIN_SELF = YES;
				CLANG_WARN_OBJC_LITERAL_CONVERSION = YES;
				CLANG_WARN_OBJC_ROOT_CLASS = YES_ERROR;
				CLANG_WARN_RANGE_LOOP_ANALYSIS = YES;
				CLANG_WARN_STRICT_PROTOTYPES = YES;
				CLANG_WARN_SUSPICIOUS_MOVE = YES;
				CLANG_WARN_UNGUARDED_AVAILABILITY = YES_AGGRESSIVE;
				CLANG_WARN_UNREACHABLE_CODE = YES;
				CLANG_WARN__DUPLICATE_METHOD_MATCH = YES;
				COPY_PHASE_STRIP = NO;
				DEBUG_INFORMATION_FORMAT = dwarf;
				ENABLE_STRICT_OBJC_MSGSEND = YES;
				ENABLE_TESTABILITY = YES;
				GCC_C_LANGUAGE_STANDARD = gnu11;
				GCC_DYNAMIC_NO_PIC = NO;
				GCC_NO_COMMON_BLOCKS = YES;
				GCC_OPTIMIZATION_LEVEL = 0;
				GCC_PREPROCESSOR_DEFINITIONS = (
					"DEBUG=1",
					"$(inherited)",
				);
				GCC_WARN_64_TO_32_BIT_CONVERSION = YES;
				GCC_WARN_ABOUT_RETURN_TYPE = YES_ERROR;
				GCC_WARN_UNDECLARED_SELECTOR = YES;
				GCC_WARN_UNINITIALIZED_AUTOS = YES_AGGRESSIVE;
				GCC_WARN_UNUSED_FUNCTION = YES;
				GCC_WARN_UNUSED_VARIABLE = YES;
				IPHONEOS_DEPLOYMENT_TARGET = 13.0;
				MTL_ENABLE_DEBUG_INFO = INCLUDE_SOURCE;
				MTL_FAST_MATH = YES;
				ONLY_ACTIVE_ARCH = YES;
				SDKROOT = iphoneos;
				SWIFT_ACTIVE_COMPILATION_CONDITIONS = DEBUG;
				SWIFT_OPTIMIZATION_LEVEL = "-Onone";
			};
			name = Debug;
		};
		A4FE21A4234A58D400D86829 /* Release */ = {
			isa = XCBuildConfiguration;
			buildSettings = {
				ALWAYS_SEARCH_USER_PATHS = NO;
				CLANG_ANALYZER_NONNULL = YES;
				CLANG_ANALYZER_NUMBER_OBJECT_CONVERSION = YES_AGGRESSIVE;
				CLANG_CXX_LANGUAGE_STANDARD = "gnu++14";
				CLANG_CXX_LIBRARY = "libc++";
				CLANG_ENABLE_MODULES = YES;
				CLANG_ENABLE_OBJC_ARC = YES;
				CLANG_ENABLE_OBJC_WEAK = YES;
				CLANG_WARN_BLOCK_CAPTURE_AUTORELEASING = YES;
				CLANG_WARN_BOOL_CONVERSION = YES;
				CLANG_WARN_COMMA = YES;
				CLANG_WARN_CONSTANT_CONVERSION = YES;
				CLANG_WARN_DEPRECATED_OBJC_IMPLEMENTATIONS = YES;
				CLANG_WARN_DIRECT_OBJC_ISA_USAGE = YES_ERROR;
				CLANG_WARN_DOCUMENTATION_COMMENTS = YES;
				CLANG_WARN_EMPTY_BODY = YES;
				CLANG_WARN_ENUM_CONVERSION = YES;
				CLANG_WARN_INFINITE_RECURSION = YES;
				CLANG_WARN_INT_CONVERSION = YES;
				CLANG_WARN_NON_LITERAL_NULL_CONVERSION = YES;
				CLANG_WARN_OBJC_IMPLICIT_RETAIN_SELF = YES;
				CLANG_WARN_OBJC_LITERAL_CONVERSION = YES;
				CLANG_WARN_OBJC_ROOT_CLASS = YES_ERROR;
				CLANG_WARN_RANGE_LOOP_ANALYSIS = YES;
				CLANG_WARN_STRICT_PROTOTYPES = YES;
				CLANG_WARN_SUSPICIOUS_MOVE = YES;
				CLANG_WARN_UNGUARDED_AVAILABILITY = YES_AGGRESSIVE;
				CLANG_WARN_UNREACHABLE_CODE = YES;
				CLANG_WARN__DUPLICATE_METHOD_MATCH = YES;
				COPY_PHASE_STRIP = NO;
				DEBUG_INFORMATION_FORMAT = "dwarf-with-dsym";
				ENABLE_NS_ASSERTIONS = NO;
				ENABLE_STRICT_OBJC_MSGSEND = YES;
				GCC_C_LANGUAGE_STANDARD = gnu11;
				GCC_NO_COMMON_BLOCKS = YES;
				GCC_WARN_64_TO_32_BIT_CONVERSION = YES;
				GCC_WARN_ABOUT_RETURN_TYPE = YES_ERROR;
				GCC_WARN_UNDECLARED_SELECTOR = YES;
				GCC_WARN_UNINITIALIZED_AUTOS = YES_AGGRESSIVE;
				GCC_WARN_UNUSED_FUNCTION = YES;
				GCC_WARN_UNUSED_VARIABLE = YES;
				IPHONEOS_DEPLOYMENT_TARGET = 13.0;
				MTL_ENABLE_DEBUG_INFO = NO;
				MTL_FAST_MATH = YES;
				SDKROOT = iphoneos;
				SWIFT_COMPILATION_MODE = wholemodule;
				SWIFT_OPTIMIZATION_LEVEL = "-O";
				VALIDATE_PRODUCT = YES;
			};
			name = Release;
		};
		A4FE21A6234A58D400D86829 /* Debug */ = {
			isa = XCBuildConfiguration;
			buildSettings = {
				ASSETCATALOG_COMPILER_APPICON_NAME = AppIcon;
				CODE_SIGN_STYLE = Automatic;
				DEVELOPMENT_ASSET_PATHS = "\"SwiftUIDatePickerTutorial/Preview Content\"";
				DEVELOPMENT_TEAM = Z5DP89AMR6;
				ENABLE_PREVIEWS = YES;
				INFOPLIST_FILE = SwiftUIDatePickerTutorial/Info.plist;
				LD_RUNPATH_SEARCH_PATHS = (
					"$(inherited)",
					"@executable_path/Frameworks",
				);
				PRODUCT_BUNDLE_IDENTIFIER = com.ioscreator.SwiftUIDatePickerTutorial;
				PRODUCT_NAME = "$(TARGET_NAME)";
				SWIFT_VERSION = 5.0;
				TARGETED_DEVICE_FAMILY = "1,2";
			};
			name = Debug;
		};
		A4FE21A7234A58D400D86829 /* Release */ = {
			isa = XCBuildConfiguration;
			buildSettings = {
				ASSETCATALOG_COMPILER_APPICON_NAME = AppIcon;
				CODE_SIGN_STYLE = Automatic;
				DEVELOPMENT_ASSET_PATHS = "\"SwiftUIDatePickerTutorial/Preview Content\"";
				DEVELOPMENT_TEAM = Z5DP89AMR6;
				ENABLE_PREVIEWS = YES;
				INFOPLIST_FILE = SwiftUIDatePickerTutorial/Info.plist;
				LD_RUNPATH_SEARCH_PATHS = (
					"$(inherited)",
					"@executable_path/Frameworks",
				);
				PRODUCT_BUNDLE_IDENTIFIER = com.ioscreator.SwiftUIDatePickerTutorial;
				PRODUCT_NAME = "$(TARGET_NAME)";
				SWIFT_VERSION = 5.0;
				TARGETED_DEVICE_FAMILY = "1,2";
			};
			name = Release;
		};
/* End XCBuildConfiguration section */

/* Begin XCConfigurationList section */
		A4FE218C234A58CF00D86829 /* Build configuration list for PBXProject "SwiftUIDatePickerTutorial" */ = {
			isa = XCConfigurationList;
			buildConfigurations = (
				A4FE21A3234A58D400D86829 /* Debug */,
				A4FE21A4234A58D400D86829 /* Release */,
			);
			defaultConfigurationIsVisible = 0;
			defaultConfigurationName = Release;
		};
		A4FE21A5234A58D400D86829 /* Build configuration list for PBXNativeTarget "SwiftUIDatePickerTutorial" */ = {
			isa = XCConfigurationList;
			buildConfigurations = (
				A4FE21A6234A58D400D86829 /* Debug */,
				A4FE21A7234A58D400D86829 /* Release */,
			);
			defaultConfigurationIsVisible = 0;
			defaultConfigurationName = Release;
		};
/* End XCConfigurationList section */
	};
	rootObject = A4FE2189234A58CF00D86829 /* Project object */;
}
