// !$*UTF8*$!
{
	archiveVersion = 1;
	classes = {
	};
	objectVersion = 50;
	objects = {

/* Begin PBXBuildFile section */
		A4666BBD23260F0D00339B25 /* AppDelegate.swift in Sources */ = {isa = PBXBuildFile; fileRef = A4666BBC23260F0D00339B25 /* AppDelegate.swift */; };
		A4666BBF23260F0D00339B25 /* SceneDelegate.swift in Sources */ = {isa = PBXBuildFile; fileRef = A4666BBE23260F0D00339B25 /* SceneDelegate.swift */; };
		A4666BC123260F0D00339B25 /* ContentView.swift in Sources */ = {isa = PBXBuildFile; fileRef = A4666BC023260F0D00339B25 /* ContentView.swift */; };
		A4666BC323260F1000339B25 /* Assets.xcassets in Resources */ = {isa = PBXBuildFile; fileRef = A4666BC223260F1000339B25 /* Assets.xcassets */; };
		A4666BC623260F1000339B25 /* Preview Assets.xcassets in Resources */ = {isa = PBXBuildFile; fileRef = A4666BC523260F1000339B25 /* Preview Assets.xcassets */; };
		A4666BC923260F1000339B25 /* LaunchScreen.storyboard in Resources */ = {isa = PBXBuildFile; fileRef = A4666BC723260F1000339B25 /* LaunchScreen.storyboard */; };
		A4666BD3232617AF00339B25 /* Stopwatch.swift in Sources */ = {isa = PBXBuildFile; fileRef = A4666BD2232617AF00339B25 /* Stopwatch.swift */; };
/* End PBXBuildFile section */

/* Begin PBXFileReference section */
		A4666BB923260F0D00339B25 /* SwiftUIObservableObjectTutorial.app */ = {isa = PBXFileReference; explicitFileType = wrapper.application; includeInIndex = 0; path = SwiftUIObservableObjectTutorial.app; sourceTree = BUILT_PRODUCTS_DIR; };
		A4666BBC23260F0D00339B25 /* AppDelegate.swift */ = {isa = PBXFileReference; lastKnownFileType = sourcecode.swift; path = AppDelegate.swift; sourceTree = "<group>"; };
		A4666BBE23260F0D00339B25 /* SceneDelegate.swift */ = {isa = PBXFileReference; lastKnownFileType = sourcecode.swift; path = SceneDelegate.swift; sourceTree = "<group>"; };
		A4666BC023260F0D00339B25 /* ContentView.swift */ = {isa = PBXFileReference; lastKnownFileType = sourcecode.swift; path = ContentView.swift; sourceTree = "<group>"; };
		A4666BC223260F1000339B25 /* Assets.xcassets */ = {isa = PBXFileReference; lastKnownFileType = folder.assetcatalog; path = Assets.xcassets; sourceTree = "<group>"; };
		A4666BC523260F1000339B25 /* Preview Assets.xcassets */ = {isa = PBXFileReference; lastKnownFileType = folder.assetcatalog; path = "Preview Assets.xcassets"; sourceTree = "<group>"; };
		A4666BC823260F1000339B25 /* Base */ = {isa = PBXFileReference; lastKnownFileType = file.storyboard; name = Base; path = Base.lproj/LaunchScreen.storyboard; sourceTree = "<group>"; };
		A4666BCA23260F1000339B25 /* Info.plist */ = {isa = PBXFileReference; lastKnownFileType = text.plist.xml; path = Info.plist; sourceTree = "<group>"; };
		A4666BD2232617AF00339B25 /* Stopwatch.swift */ = {isa = PBXFileReference; lastKnownFileType = sourcecode.swift; path = Stopwatch.swift; sourceTree = "<group>"; };
/* End PBXFileReference section */

/* Begin PBXFrameworksBuildPhase section */
		A4666BB623260F0D00339B25 /* Frameworks */ = {
			isa = PBXFrameworksBuildPhase;
			buildActionMask = 2147483647;
			files = (
			);
			runOnlyForDeploymentPostprocessing = 0;
		};
/* End PBXFrameworksBuildPhase section */

/* Begin PBXGroup section */
		A4666BB023260F0D00339B25 = {
			isa = PBXGroup;
			children = (
				A4666BBB23260F0D00339B25 /* SwiftUIObservableObjectTutorial */,
				A4666BBA23260F0D00339B25 /* Products */,
			);
			sourceTree = "<group>";
		};
		A4666BBA23260F0D00339B25 /* Products */ = {
			isa = PBXGroup;
			children = (
				A4666BB923260F0D00339B25 /* SwiftUIObservableObjectTutorial.app */,
			);
			name = Products;
			sourceTree = "<group>";
		};
		A4666BBB23260F0D00339B25 /* SwiftUIObservableObjectTutorial */ = {
			isa = PBXGroup;
			children = (
				A4666BBC23260F0D00339B25 /* AppDelegate.swift */,
				A4666BBE23260F0D00339B25 /* SceneDelegate.swift */,
				A4666BC023260F0D00339B25 /* ContentView.swift */,
				A4666BD2232617AF00339B25 /* Stopwatch.swift */,
				A4666BC223260F1000339B25 /* Assets.xcassets */,
				A4666BC723260F1000339B25 /* LaunchScreen.storyboard */,
				A4666BCA23260F1000339B25 /* Info.plist */,
				A4666BC423260F1000339B25 /* Preview Content */,
			);
			path = SwiftUIObservableObjectTutorial;
			sourceTree = "<group>";
		};
		A4666BC423260F1000339B25 /* Preview Content */ = {
			isa = PBXGroup;
			children = (
				A4666BC523260F1000339B25 /* Preview Assets.xcassets */,
			);
			path = "Preview Content";
			sourceTree = "<group>";
		};
/* End PBXGroup section */

/* Begin PBXNativeTarget section */
		A4666BB823260F0D00339B25 /* SwiftUIObservableObjectTutorial */ = {
			isa = PBXNativeTarget;
			buildConfigurationList = A4666BCD23260F1000339B25 /* Build configuration list for PBXNativeTarget "SwiftUIObservableObjectTutorial" */;
			buildPhases = (
				A4666BB523260F0D00339B25 /* Sources */,
				A4666BB623260F0D00339B25 /* Frameworks */,
				A4666BB723260F0D00339B25 /* Resources */,
			);
			buildRules = (
			);
			dependencies = (
			);
			name = SwiftUIObservableObjectTutorial;
			productName = SwiftUIObservableObjectTutorial;
			productReference = A4666BB923260F0D00339B25 /* SwiftUIObservableObjectTutorial.app */;
			productType = "com.apple.product-type.application";
		};
/* End PBXNativeTarget section */

/* Begin PBXProject section */
		A4666BB123260F0D00339B25 /* Project object */ = {
			isa = PBXProject;
			attributes = {
				LastSwiftUpdateCheck = 1100;
				LastUpgradeCheck = 1100;
				ORGANIZATIONNAME = "Arthur Knopper";
				TargetAttributes = {
					A4666BB823260F0D00339B25 = {
						CreatedOnToolsVersion = 11.0;
					};
				};
			};
			buildConfigurationList = A4666BB423260F0D00339B25 /* Build configuration list for PBXProject "SwiftUIObservableObjectTutorial" */;
			compatibilityVersion = "Xcode 9.3";
			developmentRegion = en;
			hasScannedForEncodings = 0;
			knownRegions = (
				en,
				Base,
			);
			mainGroup = A4666BB023260F0D00339B25;
			productRefGroup = A4666BBA23260F0D00339B25 /* Products */;
			projectDirPath = "";
			projectRoot = "";
			targets = (
				A4666BB823260F0D00339B25 /* SwiftUIObservableObjectTutorial */,
			);
		};
/* End PBXProject section */

/* Begin PBXResourcesBuildPhase section */
		A4666BB723260F0D00339B25 /* Resources */ = {
			isa = PBXResourcesBuildPhase;
			buildActionMask = 2147483647;
			files = (
				A4666BC923260F1000339B25 /* LaunchScreen.storyboard in Resources */,
				A4666BC623260F1000339B25 /* Preview Assets.xcassets in Resources */,
				A4666BC323260F1000339B25 /* Assets.xcassets in Resources */,
			);
			runOnlyForDeploymentPostprocessing = 0;
		};
/* End PBXResourcesBuildPhase section */

/* Begin PBXSourcesBuildPhase section */
		A4666BB523260F0D00339B25 /* Sources */ = {
			isa = PBXSourcesBuildPhase;
			buildActionMask = 2147483647;
			files = (
				A4666BBD23260F0D00339B25 /* AppDelegate.swift in Sources */,
				A4666BBF23260F0D00339B25 /* SceneDelegate.swift in Sources */,
				A4666BC123260F0D00339B25 /* ContentView.swift in Sources */,
				A4666BD3232617AF00339B25 /* Stopwatch.swift in Sources */,
			);
			runOnlyForDeploymentPostprocessing = 0;
		};
/* End PBXSourcesBuildPhase section */

/* Begin PBXVariantGroup section */
		A4666BC723260F1000339B25 /* LaunchScreen.storyboard */ = {
			isa = PBXVariantGroup;
			children = (
				A4666BC823260F1000339B25 /* Base */,
			);
			name = LaunchScreen.storyboard;
			sourceTree = "<group>";
		};
/* End PBXVariantGroup section */

/* Begin XCBuildConfiguration section */
		A4666BCB23260F1000339B25 /* Debug */ = {
			isa = XCBuildConfiguration;
			buildSettings = {
				ALWAYS_SEARCH_USER_PATHS = NO;
				CLANG_ANALYZER_NONNULL = YES;
				CLANG_ANALYZER_NUMBER_OBJECT_CONVERSION = YES_AGGRESSIVE;
				CLANG_CXX_LANGUAGE_STANDARD = "gnu++14";
				CLANG_CXX_LIBRARY = "libc++";
				CLANG_ENABLE_MODULES = YES;
				CLANG_ENABLE_OBJC_ARC = YES;
				CLANG_ENABLE_OBJC_WEAK = YES;
				CLANG_WARN_BLOCK_CAPTURE_AUTORELEASING = YES;
				CLANG_WARN_BOOL_CONVERSION = YES;
				CLANG_WARN_COMMA = YES;
				CLANG_WARN_CONSTANT_CONVERSION = YES;
				CLANG_WARN_DEPRECATED_OBJC_IMPLEMENTATIONS = YES;
				CLANG_WARN_DIRECT_OBJC_ISA_USAGE = YES_ERROR;
				CLANG_WARN_DOCUMENTATION_COMMENTS = YES;
				CLANG_WARN_EMPTY_BODY = YES;
				CLANG_WARN_ENUM_CONVERSION = YES;
				CLANG_WARN_INFINITE_RECURSION = YES;
				CLANG_WARN_INT_CONVERSION = YES;
				CLANG_WARN_NON_LITERAL_NULL_CONVERSION = YES;
				CLANG_WARN_OBJC_IMPLICIT_RETAIN_SELF = YES;
				CLANG_WARN_OBJC_LITERAL_CONVERSION = YES;
				CLANG_WARN_OBJC_ROOT_CLASS = YES_ERROR;
				CLANG_WARN_RANGE_LOOP_ANALYSIS = YES;
				CLANG_WARN_STRICT_PROTOTYPES = YES;
				CLANG_WARN_SUSPICIOUS_MOVE = YES;
				CLANG_WARN_UNGUARDED_AVAILABILITY = YES_AGGRESSIVE;
				CLANG_WARN_UNREACHABLE_CODE = YES;
				CLANG_WARN__DUPLICATE_METHOD_MATCH = YES;
				COPY_PHASE_STRIP = NO;
				DEBUG_INFORMATION_FORMAT = dwarf;
				ENABLE_STRICT_OBJC_MSGSEND = YES;
				ENABLE_TESTABILITY = YES;
				GCC_C_LANGUAGE_STANDARD = gnu11;
				GCC_DYNAMIC_NO_PIC = NO;
				GCC_NO_COMMON_BLOCKS = YES;
				GCC_OPTIMIZATION_LEVEL = 0;
				GCC_PREPROCESSOR_DEFINITIONS = (
					"DEBUG=1",
					"$(inherited)",
				);
				GCC_WARN_64_TO_32_BIT_CONVERSION = YES;
				GCC_WARN_ABOUT_RETURN_TYPE = YES_ERROR;
				GCC_WARN_UNDECLARED_SELECTOR = YES;
				GCC_WARN_UNINITIALIZED_AUTOS = YES_AGGRESSIVE;
				GCC_WARN_UNUSED_FUNCTION = YES;
				GCC_WARN_UNUSED_VARIABLE = YES;
				IPHONEOS_DEPLOYMENT_TARGET = 13.0;
				MTL_ENABLE_DEBUG_INFO = INCLUDE_SOURCE;
				MTL_FAST_MATH = YES;
				ONLY_ACTIVE_ARCH = YES;
				SDKROOT = iphoneos;
				SWIFT_ACTIVE_COMPILATION_CONDITIONS = DEBUG;
				SWIFT_OPTIMIZATION_LEVEL = "-Onone";
			};
			name = Debug;
		};
		A4666BCC23260F1000339B25 /* Release */ = {
			isa = XCBuildConfiguration;
			buildSettings = {
				ALWAYS_SEARCH_USER_PATHS = NO;
				CLANG_ANALYZER_NONNULL = YES;
				CLANG_ANALYZER_NUMBER_OBJECT_CONVERSION = YES_AGGRESSIVE;
				CLANG_CXX_LANGUAGE_STANDARD = "gnu++14";
				CLANG_CXX_LIBRARY = "libc++";
				CLANG_ENABLE_MODULES = YES;
				CLANG_ENABLE_OBJC_ARC = YES;
				CLANG_ENABLE_OBJC_WEAK = YES;
				CLANG_WARN_BLOCK_CAPTURE_AUTORELEASING = YES;
				CLANG_WARN_BOOL_CONVERSION = YES;
				CLANG_WARN_COMMA = YES;
				CLANG_WARN_CONSTANT_CONVERSION = YES;
				CLANG_WARN_DEPRECATED_OBJC_IMPLEMENTATIONS = YES;
				CLANG_WARN_DIRECT_OBJC_ISA_USAGE = YES_ERROR;
				CLANG_WARN_DOCUMENTATION_COMMENTS = YES;
				CLANG_WARN_EMPTY_BODY = YES;
				CLANG_WARN_ENUM_CONVERSION = YES;
				CLANG_WARN_INFINITE_RECURSION = YES;
				CLANG_WARN_INT_CONVERSION = YES;
				CLANG_WARN_NON_LITERAL_NULL_CONVERSION = YES;
				CLANG_WARN_OBJC_IMPLICIT_RETAIN_SELF = YES;
				CLANG_WARN_OBJC_LITERAL_CONVERSION = YES;
				CLANG_WARN_OBJC_ROOT_CLASS = YES_ERROR;
				CLANG_WARN_RANGE_LOOP_ANALYSIS = YES;
				CLANG_WARN_STRICT_PROTOTYPES = YES;
				CLANG_WARN_SUSPICIOUS_MOVE = YES;
				CLANG_WARN_UNGUARDED_AVAILABILITY = YES_AGGRESSIVE;
				CLANG_WARN_UNREACHABLE_CODE = YES;
				CLANG_WARN__DUPLICATE_METHOD_MATCH = YES;
				COPY_PHASE_STRIP = NO;
				DEBUG_INFORMATION_FORMAT = "dwarf-with-dsym";
				ENABLE_NS_ASSERTIONS = NO;
				ENABLE_STRICT_OBJC_MSGSEND = YES;
				GCC_C_LANGUAGE_STANDARD = gnu11;
				GCC_NO_COMMON_BLOCKS = YES;
				GCC_WARN_64_TO_32_BIT_CONVERSION = YES;
				GCC_WARN_ABOUT_RETURN_TYPE = YES_ERROR;
				GCC_WARN_UNDECLARED_SELECTOR = YES;
				GCC_WARN_UNINITIALIZED_AUTOS = YES_AGGRESSIVE;
				GCC_WARN_UNUSED_FUNCTION = YES;
				GCC_WARN_UNUSED_VARIABLE = YES;
				IPHONEOS_DEPLOYMENT_TARGET = 13.0;
				MTL_ENABLE_DEBUG_INFO = NO;
				MTL_FAST_MATH = YES;
				SDKROOT = iphoneos;
				SWIFT_COMPILATION_MODE = wholemodule;
				SWIFT_OPTIMIZATION_LEVEL = "-O";
				VALIDATE_PRODUCT = YES;
			};
			name = Release;
		};
		A4666BCE23260F1000339B25 /* Debug */ = {
			isa = XCBuildConfiguration;
			buildSettings = {
				ASSETCATALOG_COMPILER_APPICON_NAME = AppIcon;
				CODE_SIGN_STYLE = Automatic;
				DEVELOPMENT_ASSET_PATHS = "\"SwiftUIObservableObjectTutorial/Preview Content\"";
				DEVELOPMENT_TEAM = Z5DP89AMR6;
				ENABLE_PREVIEWS = YES;
				INFOPLIST_FILE = SwiftUIObservableObjectTutorial/Info.plist;
				LD_RUNPATH_SEARCH_PATHS = (
					"$(inherited)",
					"@executable_path/Frameworks",
				);
				PRODUCT_BUNDLE_IDENTIFIER = com.ioscreator.SwiftUIObservableObjectTutorial;
				PRODUCT_NAME = "$(TARGET_NAME)";
				SWIFT_VERSION = 5.0;
				TARGETED_DEVICE_FAMILY = "1,2";
			};
			name = Debug;
		};
		A4666BCF23260F1000339B25 /* Release */ = {
			isa = XCBuildConfiguration;
			buildSettings = {
				ASSETCATALOG_COMPILER_APPICON_NAME = AppIcon;
				CODE_SIGN_STYLE = Automatic;
				DEVELOPMENT_ASSET_PATHS = "\"SwiftUIObservableObjectTutorial/Preview Content\"";
				DEVELOPMENT_TEAM = Z5DP89AMR6;
				ENABLE_PREVIEWS = YES;
				INFOPLIST_FILE = SwiftUIObservableObjectTutorial/Info.plist;
				LD_RUNPATH_SEARCH_PATHS = (
					"$(inherited)",
					"@executable_path/Frameworks",
				);
				PRODUCT_BUNDLE_IDENTIFIER = com.ioscreator.SwiftUIObservableObjectTutorial;
				PRODUCT_NAME = "$(TARGET_NAME)";
				SWIFT_VERSION = 5.0;
				TARGETED_DEVICE_FAMILY = "1,2";
			};
			name = Release;
		};
/* End XCBuildConfiguration section */

/* Begin XCConfigurationList section */
		A4666BB423260F0D00339B25 /* Build configuration list for PBXProject "SwiftUIObservableObjectTutorial" */ = {
			isa = XCConfigurationList;
			buildConfigurations = (
				A4666BCB23260F1000339B25 /* Debug */,
				A4666BCC23260F1000339B25 /* Release */,
			);
			defaultConfigurationIsVisible = 0;
			defaultConfigurationName = Release;
		};
		A4666BCD23260F1000339B25 /* Build configuration list for PBXNativeTarget "SwiftUIObservableObjectTutorial" */ = {
			isa = XCConfigurationList;
			buildConfigurations = (
				A4666BCE23260F1000339B25 /* Debug */,
				A4666BCF23260F1000339B25 /* Release */,
			);
			defaultConfigurationIsVisible = 0;
			defaultConfigurationName = Release;
		};
/* End XCConfigurationList section */
	};
	rootObject = A4666BB123260F0D00339B25 /* Project object */;
}
