// !$*UTF8*$!
{
	archiveVersion = 1;
	classes = {
	};
	objectVersion = 46;
	objects = {

/* Begin PBXBuildFile section */
		E220E1C118CE31E40059E4E5 /* Foundation.framework in Frameworks */ = {isa = PBXBuildFile; fileRef = E220E1C018CE31E40059E4E5 /* Foundation.framework */; };
		E220E1C318CE31E40059E4E5 /* CoreGraphics.framework in Frameworks */ = {isa = PBXBuildFile; fileRef = E220E1C218CE31E40059E4E5 /* CoreGraphics.framework */; };
		E220E1C518CE31E40059E4E5 /* UIKit.framework in Frameworks */ = {isa = PBXBuildFile; fileRef = E220E1C418CE31E40059E4E5 /* UIKit.framework */; };
		E220E1CB18CE31E40059E4E5 /* InfoPlist.strings in Resources */ = {isa = PBXBuildFile; fileRef = E220E1C918CE31E40059E4E5 /* InfoPlist.strings */; };
		E220E1CD18CE31E40059E4E5 /* main.m in Sources */ = {isa = PBXBuildFile; fileRef = E220E1CC18CE31E40059E4E5 /* main.m */; };
		E220E1D118CE31E40059E4E5 /* AppDelegate.m in Sources */ = {isa = PBXBuildFile; fileRef = E220E1D018CE31E40059E4E5 /* AppDelegate.m */; };
		E220E1D418CE31E40059E4E5 /* Main.storyboard in Resources */ = {isa = PBXBuildFile; fileRef = E220E1D218CE31E40059E4E5 /* Main.storyboard */; };
		E220E1D718CE31E40059E4E5 /* ViewController.m in Sources */ = {isa = PBXBuildFile; fileRef = E220E1D618CE31E40059E4E5 /* ViewController.m */; };
		E220E1D918CE31E40059E4E5 /* Images.xcassets in Resources */ = {isa = PBXBuildFile; fileRef = E220E1D818CE31E40059E4E5 /* Images.xcassets */; };
		E220E1E018CE31E40059E4E5 /* XCTest.framework in Frameworks */ = {isa = PBXBuildFile; fileRef = E220E1DF18CE31E40059E4E5 /* XCTest.framework */; };
		E220E1E118CE31E40059E4E5 /* Foundation.framework in Frameworks */ = {isa = PBXBuildFile; fileRef = E220E1C018CE31E40059E4E5 /* Foundation.framework */; };
		E220E1E218CE31E40059E4E5 /* UIKit.framework in Frameworks */ = {isa = PBXBuildFile; fileRef = E220E1C418CE31E40059E4E5 /* UIKit.framework */; };
		E220E1EA18CE31E40059E4E5 /* InfoPlist.strings in Resources */ = {isa = PBXBuildFile; fileRef = E220E1E818CE31E40059E4E5 /* InfoPlist.strings */; };
		E220E1EC18CE31E40059E4E5 /* iOS7CustomCollectionViewCellTutorialTests.m in Sources */ = {isa = PBXBuildFile; fileRef = E220E1EB18CE31E40059E4E5 /* iOS7CustomCollectionViewCellTutorialTests.m */; };
		E220E1F718CE46780059E4E5 /* MyCell.m in Sources */ = {isa = PBXBuildFile; fileRef = E220E1F618CE46780059E4E5 /* MyCell.m */; };
		E220E1F918CE46950059E4E5 /* apple.jpg in Resources */ = {isa = PBXBuildFile; fileRef = E220E1F818CE46950059E4E5 /* apple.jpg */; };
/* End PBXBuildFile section */

/* Begin PBXContainerItemProxy section */
		E220E1E318CE31E40059E4E5 /* PBXContainerItemProxy */ = {
			isa = PBXContainerItemProxy;
			containerPortal = E220E1B518CE31E40059E4E5 /* Project object */;
			proxyType = 1;
			remoteGlobalIDString = E220E1BC18CE31E40059E4E5;
			remoteInfo = iOS7CustomCollectionViewCellTutorial;
		};
/* End PBXContainerItemProxy section */

/* Begin PBXFileReference section */
		E220E1BD18CE31E40059E4E5 /* iOS7CustomCollectionViewCellTutorial.app */ = {isa = PBXFileReference; explicitFileType = wrapper.application; includeInIndex = 0; path = iOS7CustomCollectionViewCellTutorial.app; sourceTree = BUILT_PRODUCTS_DIR; };
		E220E1C018CE31E40059E4E5 /* Foundation.framework */ = {isa = PBXFileReference; lastKnownFileType = wrapper.framework; name = Foundation.framework; path = System/Library/Frameworks/Foundation.framework; sourceTree = SDKROOT; };
		E220E1C218CE31E40059E4E5 /* CoreGraphics.framework */ = {isa = PBXFileReference; lastKnownFileType = wrapper.framework; name = CoreGraphics.framework; path = System/Library/Frameworks/CoreGraphics.framework; sourceTree = SDKROOT; };
		E220E1C418CE31E40059E4E5 /* UIKit.framework */ = {isa = PBXFileReference; lastKnownFileType = wrapper.framework; name = UIKit.framework; path = System/Library/Frameworks/UIKit.framework; sourceTree = SDKROOT; };
		E220E1C818CE31E40059E4E5 /* iOS7CustomCollectionViewCellTutorial-Info.plist */ = {isa = PBXFileReference; lastKnownFileType = text.plist.xml; path = "iOS7CustomCollectionViewCellTutorial-Info.plist"; sourceTree = "<group>"; };
		E220E1CA18CE31E40059E4E5 /* en */ = {isa = PBXFileReference; lastKnownFileType = text.plist.strings; name = en; path = en.lproj/InfoPlist.strings; sourceTree = "<group>"; };
		E220E1CC18CE31E40059E4E5 /* main.m */ = {isa = PBXFileReference; lastKnownFileType = sourcecode.c.objc; path = main.m; sourceTree = "<group>"; };
		E220E1CE18CE31E40059E4E5 /* iOS7CustomCollectionViewCellTutorial-Prefix.pch */ = {isa = PBXFileReference; lastKnownFileType = sourcecode.c.h; path = "iOS7CustomCollectionViewCellTutorial-Prefix.pch"; sourceTree = "<group>"; };
		E220E1CF18CE31E40059E4E5 /* AppDelegate.h */ = {isa = PBXFileReference; lastKnownFileType = sourcecode.c.h; path = AppDelegate.h; sourceTree = "<group>"; };
		E220E1D018CE31E40059E4E5 /* AppDelegate.m */ = {isa = PBXFileReference; lastKnownFileType = sourcecode.c.objc; path = AppDelegate.m; sourceTree = "<group>"; };
		E220E1D318CE31E40059E4E5 /* Base */ = {isa = PBXFileReference; lastKnownFileType = file.storyboard; name = Base; path = Base.lproj/Main.storyboard; sourceTree = "<group>"; };
		E220E1D518CE31E40059E4E5 /* ViewController.h */ = {isa = PBXFileReference; lastKnownFileType = sourcecode.c.h; path = ViewController.h; sourceTree = "<group>"; };
		E220E1D618CE31E40059E4E5 /* ViewController.m */ = {isa = PBXFileReference; lastKnownFileType = sourcecode.c.objc; path = ViewController.m; sourceTree = "<group>"; };
		E220E1D818CE31E40059E4E5 /* Images.xcassets */ = {isa = PBXFileReference; lastKnownFileType = folder.assetcatalog; path = Images.xcassets; sourceTree = "<group>"; };
		E220E1DE18CE31E40059E4E5 /* iOS7CustomCollectionViewCellTutorialTests.xctest */ = {isa = PBXFileReference; explicitFileType = wrapper.cfbundle; includeInIndex = 0; path = iOS7CustomCollectionViewCellTutorialTests.xctest; sourceTree = BUILT_PRODUCTS_DIR; };
		E220E1DF18CE31E40059E4E5 /* XCTest.framework */ = {isa = PBXFileReference; lastKnownFileType = wrapper.framework; name = XCTest.framework; path = Library/Frameworks/XCTest.framework; sourceTree = DEVELOPER_DIR; };
		E220E1E718CE31E40059E4E5 /* iOS7CustomCollectionViewCellTutorialTests-Info.plist */ = {isa = PBXFileReference; lastKnownFileType = text.plist.xml; path = "iOS7CustomCollectionViewCellTutorialTests-Info.plist"; sourceTree = "<group>"; };
		E220E1E918CE31E40059E4E5 /* en */ = {isa = PBXFileReference; lastKnownFileType = text.plist.strings; name = en; path = en.lproj/InfoPlist.strings; sourceTree = "<group>"; };
		E220E1EB18CE31E40059E4E5 /* iOS7CustomCollectionViewCellTutorialTests.m */ = {isa = PBXFileReference; lastKnownFileType = sourcecode.c.objc; path = iOS7CustomCollectionViewCellTutorialTests.m; sourceTree = "<group>"; };
		E220E1F518CE46780059E4E5 /* MyCell.h */ = {isa = PBXFileReference; fileEncoding = 4; lastKnownFileType = sourcecode.c.h; path = MyCell.h; sourceTree = "<group>"; };
		E220E1F618CE46780059E4E5 /* MyCell.m */ = {isa = PBXFileReference; fileEncoding = 4; lastKnownFileType = sourcecode.c.objc; path = MyCell.m; sourceTree = "<group>"; };
		E220E1F818CE46950059E4E5 /* apple.jpg */ = {isa = PBXFileReference; lastKnownFileType = image.jpeg; path = apple.jpg; sourceTree = "<group>"; };
/* End PBXFileReference section */

/* Begin PBXFrameworksBuildPhase section */
		E220E1BA18CE31E40059E4E5 /* Frameworks */ = {
			isa = PBXFrameworksBuildPhase;
			buildActionMask = 2147483647;
			files = (
				E220E1C318CE31E40059E4E5 /* CoreGraphics.framework in Frameworks */,
				E220E1C518CE31E40059E4E5 /* UIKit.framework in Frameworks */,
				E220E1C118CE31E40059E4E5 /* Foundation.framework in Frameworks */,
			);
			runOnlyForDeploymentPostprocessing = 0;
		};
		E220E1DB18CE31E40059E4E5 /* Frameworks */ = {
			isa = PBXFrameworksBuildPhase;
			buildActionMask = 2147483647;
			files = (
				E220E1E018CE31E40059E4E5 /* XCTest.framework in Frameworks */,
				E220E1E218CE31E40059E4E5 /* UIKit.framework in Frameworks */,
				E220E1E118CE31E40059E4E5 /* Foundation.framework in Frameworks */,
			);
			runOnlyForDeploymentPostprocessing = 0;
		};
/* End PBXFrameworksBuildPhase section */

/* Begin PBXGroup section */
		E220E1B418CE31E40059E4E5 = {
			isa = PBXGroup;
			children = (
				E220E1C618CE31E40059E4E5 /* iOS7CustomCollectionViewCellTutorial */,
				E220E1E518CE31E40059E4E5 /* iOS7CustomCollectionViewCellTutorialTests */,
				E220E1BF18CE31E40059E4E5 /* Frameworks */,
				E220E1BE18CE31E40059E4E5 /* Products */,
			);
			sourceTree = "<group>";
		};
		E220E1BE18CE31E40059E4E5 /* Products */ = {
			isa = PBXGroup;
			children = (
				E220E1BD18CE31E40059E4E5 /* iOS7CustomCollectionViewCellTutorial.app */,
				E220E1DE18CE31E40059E4E5 /* iOS7CustomCollectionViewCellTutorialTests.xctest */,
			);
			name = Products;
			sourceTree = "<group>";
		};
		E220E1BF18CE31E40059E4E5 /* Frameworks */ = {
			isa = PBXGroup;
			children = (
				E220E1C018CE31E40059E4E5 /* Foundation.framework */,
				E220E1C218CE31E40059E4E5 /* CoreGraphics.framework */,
				E220E1C418CE31E40059E4E5 /* UIKit.framework */,
				E220E1DF18CE31E40059E4E5 /* XCTest.framework */,
			);
			name = Frameworks;
			sourceTree = "<group>";
		};
		E220E1C618CE31E40059E4E5 /* iOS7CustomCollectionViewCellTutorial */ = {
			isa = PBXGroup;
			children = (
				E220E1CF18CE31E40059E4E5 /* AppDelegate.h */,
				E220E1D018CE31E40059E4E5 /* AppDelegate.m */,
				E220E1D218CE31E40059E4E5 /* Main.storyboard */,
				E220E1D518CE31E40059E4E5 /* ViewController.h */,
				E220E1D618CE31E40059E4E5 /* ViewController.m */,
				E220E1F518CE46780059E4E5 /* MyCell.h */,
				E220E1F618CE46780059E4E5 /* MyCell.m */,
				E220E1F818CE46950059E4E5 /* apple.jpg */,
				E220E1D818CE31E40059E4E5 /* Images.xcassets */,
				E220E1C718CE31E40059E4E5 /* Supporting Files */,
			);
			path = iOS7CustomCollectionViewCellTutorial;
			sourceTree = "<group>";
		};
		E220E1C718CE31E40059E4E5 /* Supporting Files */ = {
			isa = PBXGroup;
			children = (
				E220E1C818CE31E40059E4E5 /* iOS7CustomCollectionViewCellTutorial-Info.plist */,
				E220E1C918CE31E40059E4E5 /* InfoPlist.strings */,
				E220E1CC18CE31E40059E4E5 /* main.m */,
				E220E1CE18CE31E40059E4E5 /* iOS7CustomCollectionViewCellTutorial-Prefix.pch */,
			);
			name = "Supporting Files";
			sourceTree = "<group>";
		};
		E220E1E518CE31E40059E4E5 /* iOS7CustomCollectionViewCellTutorialTests */ = {
			isa = PBXGroup;
			children = (
				E220E1EB18CE31E40059E4E5 /* iOS7CustomCollectionViewCellTutorialTests.m */,
				E220E1E618CE31E40059E4E5 /* Supporting Files */,
			);
			path = iOS7CustomCollectionViewCellTutorialTests;
			sourceTree = "<group>";
		};
		E220E1E618CE31E40059E4E5 /* Supporting Files */ = {
			isa = PBXGroup;
			children = (
				E220E1E718CE31E40059E4E5 /* iOS7CustomCollectionViewCellTutorialTests-Info.plist */,
				E220E1E818CE31E40059E4E5 /* InfoPlist.strings */,
			);
			name = "Supporting Files";
			sourceTree = "<group>";
		};
/* End PBXGroup section */

/* Begin PBXNativeTarget section */
		E220E1BC18CE31E40059E4E5 /* iOS7CustomCollectionViewCellTutorial */ = {
			isa = PBXNativeTarget;
			buildConfigurationList = E220E1EF18CE31E40059E4E5 /* Build configuration list for PBXNativeTarget "iOS7CustomCollectionViewCellTutorial" */;
			buildPhases = (
				E220E1B918CE31E40059E4E5 /* Sources */,
				E220E1BA18CE31E40059E4E5 /* Frameworks */,
				E220E1BB18CE31E40059E4E5 /* Resources */,
			);
			buildRules = (
			);
			dependencies = (
			);
			name = iOS7CustomCollectionViewCellTutorial;
			productName = iOS7CustomCollectionViewCellTutorial;
			productReference = E220E1BD18CE31E40059E4E5 /* iOS7CustomCollectionViewCellTutorial.app */;
			productType = "com.apple.product-type.application";
		};
		E220E1DD18CE31E40059E4E5 /* iOS7CustomCollectionViewCellTutorialTests */ = {
			isa = PBXNativeTarget;
			buildConfigurationList = E220E1F218CE31E40059E4E5 /* Build configuration list for PBXNativeTarget "iOS7CustomCollectionViewCellTutorialTests" */;
			buildPhases = (
				E220E1DA18CE31E40059E4E5 /* Sources */,
				E220E1DB18CE31E40059E4E5 /* Frameworks */,
				E220E1DC18CE31E40059E4E5 /* Resources */,
			);
			buildRules = (
			);
			dependencies = (
				E220E1E418CE31E40059E4E5 /* PBXTargetDependency */,
			);
			name = iOS7CustomCollectionViewCellTutorialTests;
			productName = iOS7CustomCollectionViewCellTutorialTests;
			productReference = E220E1DE18CE31E40059E4E5 /* iOS7CustomCollectionViewCellTutorialTests.xctest */;
			productType = "com.apple.product-type.bundle.unit-test";
		};
/* End PBXNativeTarget section */

/* Begin PBXProject section */
		E220E1B518CE31E40059E4E5 /* Project object */ = {
			isa = PBXProject;
			attributes = {
				LastUpgradeCheck = 0500;
				ORGANIZATIONNAME = "Arthur Knopper";
				TargetAttributes = {
					E220E1DD18CE31E40059E4E5 = {
						TestTargetID = E220E1BC18CE31E40059E4E5;
					};
				};
			};
			buildConfigurationList = E220E1B818CE31E40059E4E5 /* Build configuration list for PBXProject "iOS7CustomCollectionViewCellTutorial" */;
			compatibilityVersion = "Xcode 3.2";
			developmentRegion = English;
			hasScannedForEncodings = 0;
			knownRegions = (
				en,
				Base,
			);
			mainGroup = E220E1B418CE31E40059E4E5;
			productRefGroup = E220E1BE18CE31E40059E4E5 /* Products */;
			projectDirPath = "";
			projectRoot = "";
			targets = (
				E220E1BC18CE31E40059E4E5 /* iOS7CustomCollectionViewCellTutorial */,
				E220E1DD18CE31E40059E4E5 /* iOS7CustomCollectionViewCellTutorialTests */,
			);
		};
/* End PBXProject section */

/* Begin PBXResourcesBuildPhase section */
		E220E1BB18CE31E40059E4E5 /* Resources */ = {
			isa = PBXResourcesBuildPhase;
			buildActionMask = 2147483647;
			files = (
				E220E1D918CE31E40059E4E5 /* Images.xcassets in Resources */,
				E220E1CB18CE31E40059E4E5 /* InfoPlist.strings in Resources */,
				E220E1F918CE46950059E4E5 /* apple.jpg in Resources */,
				E220E1D418CE31E40059E4E5 /* Main.storyboard in Resources */,
			);
			runOnlyForDeploymentPostprocessing = 0;
		};
		E220E1DC18CE31E40059E4E5 /* Resources */ = {
			isa = PBXResourcesBuildPhase;
			buildActionMask = 2147483647;
			files = (
				E220E1EA18CE31E40059E4E5 /* InfoPlist.strings in Resources */,
			);
			runOnlyForDeploymentPostprocessing = 0;
		};
/* End PBXResourcesBuildPhase section */

/* Begin PBXSourcesBuildPhase section */
		E220E1B918CE31E40059E4E5 /* Sources */ = {
			isa = PBXSourcesBuildPhase;
			buildActionMask = 2147483647;
			files = (
				E220E1D718CE31E40059E4E5 /* ViewController.m in Sources */,
				E220E1F718CE46780059E4E5 /* MyCell.m in Sources */,
				E220E1D118CE31E40059E4E5 /* AppDelegate.m in Sources */,
				E220E1CD18CE31E40059E4E5 /* main.m in Sources */,
			);
			runOnlyForDeploymentPostprocessing = 0;
		};
		E220E1DA18CE31E40059E4E5 /* Sources */ = {
			isa = PBXSourcesBuildPhase;
			buildActionMask = 2147483647;
			files = (
				E220E1EC18CE31E40059E4E5 /* iOS7CustomCollectionViewCellTutorialTests.m in Sources */,
			);
			runOnlyForDeploymentPostprocessing = 0;
		};
/* End PBXSourcesBuildPhase section */

/* Begin PBXTargetDependency section */
		E220E1E418CE31E40059E4E5 /* PBXTargetDependency */ = {
			isa = PBXTargetDependency;
			target = E220E1BC18CE31E40059E4E5 /* iOS7CustomCollectionViewCellTutorial */;
			targetProxy = E220E1E318CE31E40059E4E5 /* PBXContainerItemProxy */;
		};
/* End PBXTargetDependency section */

/* Begin PBXVariantGroup section */
		E220E1C918CE31E40059E4E5 /* InfoPlist.strings */ = {
			isa = PBXVariantGroup;
			children = (
				E220E1CA18CE31E40059E4E5 /* en */,
			);
			name = InfoPlist.strings;
			sourceTree = "<group>";
		};
		E220E1D218CE31E40059E4E5 /* Main.storyboard */ = {
			isa = PBXVariantGroup;
			children = (
				E220E1D318CE31E40059E4E5 /* Base */,
			);
			name = Main.storyboard;
			sourceTree = "<group>";
		};
		E220E1E818CE31E40059E4E5 /* InfoPlist.strings */ = {
			isa = PBXVariantGroup;
			children = (
				E220E1E918CE31E40059E4E5 /* en */,
			);
			name = InfoPlist.strings;
			sourceTree = "<group>";
		};
/* End PBXVariantGroup section */

/* Begin XCBuildConfiguration section */
		E220E1ED18CE31E40059E4E5 /* Debug */ = {
			isa = XCBuildConfiguration;
			buildSettings = {
				ALWAYS_SEARCH_USER_PATHS = NO;
				ARCHS = "$(ARCHS_STANDARD_INCLUDING_64_BIT)";
				CLANG_CXX_LANGUAGE_STANDARD = "gnu++0x";
				CLANG_CXX_LIBRARY = "libc++";
				CLANG_ENABLE_MODULES = YES;
				CLANG_ENABLE_OBJC_ARC = YES;
				CLANG_WARN_BOOL_CONVERSION = YES;
				CLANG_WARN_CONSTANT_CONVERSION = YES;
				CLANG_WARN_DIRECT_OBJC_ISA_USAGE = YES_ERROR;
				CLANG_WARN_EMPTY_BODY = YES;
				CLANG_WARN_ENUM_CONVERSION = YES;
				CLANG_WARN_INT_CONVERSION = YES;
				CLANG_WARN_OBJC_ROOT_CLASS = YES_ERROR;
				CLANG_WARN__DUPLICATE_METHOD_MATCH = YES;
				"CODE_SIGN_IDENTITY[sdk=iphoneos*]" = "iPhone Developer";
				COPY_PHASE_STRIP = NO;
				GCC_C_LANGUAGE_STANDARD = gnu99;
				GCC_DYNAMIC_NO_PIC = NO;
				GCC_OPTIMIZATION_LEVEL = 0;
				GCC_PREPROCESSOR_DEFINITIONS = (
					"DEBUG=1",
					"$(inherited)",
				);
				GCC_SYMBOLS_PRIVATE_EXTERN = NO;
				GCC_WARN_64_TO_32_BIT_CONVERSION = YES;
				GCC_WARN_ABOUT_RETURN_TYPE = YES_ERROR;
				GCC_WARN_UNDECLARED_SELECTOR = YES;
				GCC_WARN_UNINITIALIZED_AUTOS = YES;
				GCC_WARN_UNUSED_FUNCTION = YES;
				GCC_WARN_UNUSED_VARIABLE = YES;
				IPHONEOS_DEPLOYMENT_TARGET = 7.0;
				ONLY_ACTIVE_ARCH = YES;
				SDKROOT = iphoneos;
				TARGETED_DEVICE_FAMILY = 2;
			};
			name = Debug;
		};
		E220E1EE18CE31E40059E4E5 /* Release */ = {
			isa = XCBuildConfiguration;
			buildSettings = {
				ALWAYS_SEARCH_USER_PATHS = NO;
				ARCHS = "$(ARCHS_STANDARD_INCLUDING_64_BIT)";
				CLANG_CXX_LANGUAGE_STANDARD = "gnu++0x";
				CLANG_CXX_LIBRARY = "libc++";
				CLANG_ENABLE_MODULES = YES;
				CLANG_ENABLE_OBJC_ARC = YES;
				CLANG_WARN_BOOL_CONVERSION = YES;
				CLANG_WARN_CONSTANT_CONVERSION = YES;
				CLANG_WARN_DIRECT_OBJC_ISA_USAGE = YES_ERROR;
				CLANG_WARN_EMPTY_BODY = YES;
				CLANG_WARN_ENUM_CONVERSION = YES;
				CLANG_WARN_INT_CONVERSION = YES;
				CLANG_WARN_OBJC_ROOT_CLASS = YES_ERROR;
				CLANG_WARN__DUPLICATE_METHOD_MATCH = YES;
				"CODE_SIGN_IDENTITY[sdk=iphoneos*]" = "iPhone Developer";
				COPY_PHASE_STRIP = YES;
				ENABLE_NS_ASSERTIONS = NO;
				GCC_C_LANGUAGE_STANDARD = gnu99;
				GCC_WARN_64_TO_32_BIT_CONVERSION = YES;
				GCC_WARN_ABOUT_RETURN_TYPE = YES_ERROR;
				GCC_WARN_UNDECLARED_SELECTOR = YES;
				GCC_WARN_UNINITIALIZED_AUTOS = YES;
				GCC_WARN_UNUSED_FUNCTION = YES;
				GCC_WARN_UNUSED_VARIABLE = YES;
				IPHONEOS_DEPLOYMENT_TARGET = 7.0;
				SDKROOT = iphoneos;
				TARGETED_DEVICE_FAMILY = 2;
				VALIDATE_PRODUCT = YES;
			};
			name = Release;
		};
		E220E1F018CE31E40059E4E5 /* Debug */ = {
			isa = XCBuildConfiguration;
			buildSettings = {
				ASSETCATALOG_COMPILER_APPICON_NAME = AppIcon;
				ASSETCATALOG_COMPILER_LAUNCHIMAGE_NAME = LaunchImage;
				GCC_PRECOMPILE_PREFIX_HEADER = YES;
				GCC_PREFIX_HEADER = "iOS7CustomCollectionViewCellTutorial/iOS7CustomCollectionViewCellTutorial-Prefix.pch";
				INFOPLIST_FILE = "iOS7CustomCollectionViewCellTutorial/iOS7CustomCollectionViewCellTutorial-Info.plist";
				PRODUCT_NAME = "$(TARGET_NAME)";
				WRAPPER_EXTENSION = app;
			};
			name = Debug;
		};
		E220E1F118CE31E40059E4E5 /* Release */ = {
			isa = XCBuildConfiguration;
			buildSettings = {
				ASSETCATALOG_COMPILER_APPICON_NAME = AppIcon;
				ASSETCATALOG_COMPILER_LAUNCHIMAGE_NAME = LaunchImage;
				GCC_PRECOMPILE_PREFIX_HEADER = YES;
				GCC_PREFIX_HEADER = "iOS7CustomCollectionViewCellTutorial/iOS7CustomCollectionViewCellTutorial-Prefix.pch";
				INFOPLIST_FILE = "iOS7CustomCollectionViewCellTutorial/iOS7CustomCollectionViewCellTutorial-Info.plist";
				PRODUCT_NAME = "$(TARGET_NAME)";
				WRAPPER_EXTENSION = app;
			};
			name = Release;
		};
		E220E1F318CE31E40059E4E5 /* Debug */ = {
			isa = XCBuildConfiguration;
			buildSettings = {
				ARCHS = "$(ARCHS_STANDARD_INCLUDING_64_BIT)";
				BUNDLE_LOADER = "$(BUILT_PRODUCTS_DIR)/iOS7CustomCollectionViewCellTutorial.app/iOS7CustomCollectionViewCellTutorial";
				FRAMEWORK_SEARCH_PATHS = (
					"$(SDKROOT)/Developer/Library/Frameworks",
					"$(inherited)",
					"$(DEVELOPER_FRAMEWORKS_DIR)",
				);
				GCC_PRECOMPILE_PREFIX_HEADER = YES;
				GCC_PREFIX_HEADER = "iOS7CustomCollectionViewCellTutorial/iOS7CustomCollectionViewCellTutorial-Prefix.pch";
				GCC_PREPROCESSOR_DEFINITIONS = (
					"DEBUG=1",
					"$(inherited)",
				);
				INFOPLIST_FILE = "iOS7CustomCollectionViewCellTutorialTests/iOS7CustomCollectionViewCellTutorialTests-Info.plist";
				PRODUCT_NAME = "$(TARGET_NAME)";
				TEST_HOST = "$(BUNDLE_LOADER)";
				WRAPPER_EXTENSION = xctest;
			};
			name = Debug;
		};
		E220E1F418CE31E40059E4E5 /* Release */ = {
			isa = XCBuildConfiguration;
			buildSettings = {
				ARCHS = "$(ARCHS_STANDARD_INCLUDING_64_BIT)";
				BUNDLE_LOADER = "$(BUILT_PRODUCTS_DIR)/iOS7CustomCollectionViewCellTutorial.app/iOS7CustomCollectionViewCellTutorial";
				FRAMEWORK_SEARCH_PATHS = (
					"$(SDKROOT)/Developer/Library/Frameworks",
					"$(inherited)",
					"$(DEVELOPER_FRAMEWORKS_DIR)",
				);
				GCC_PRECOMPILE_PREFIX_HEADER = YES;
				GCC_PREFIX_HEADER = "iOS7CustomCollectionViewCellTutorial/iOS7CustomCollectionViewCellTutorial-Prefix.pch";
				INFOPLIST_FILE = "iOS7CustomCollectionViewCellTutorialTests/iOS7CustomCollectionViewCellTutorialTests-Info.plist";
				PRODUCT_NAME = "$(TARGET_NAME)";
				TEST_HOST = "$(BUNDLE_LOADER)";
				WRAPPER_EXTENSION = xctest;
			};
			name = Release;
		};
/* End XCBuildConfiguration section */

/* Begin XCConfigurationList section */
		E220E1B818CE31E40059E4E5 /* Build configuration list for PBXProject "iOS7CustomCollectionViewCellTutorial" */ = {
			isa = XCConfigurationList;
			buildConfigurations = (
				E220E1ED18CE31E40059E4E5 /* Debug */,
				E220E1EE18CE31E40059E4E5 /* Release */,
			);
			defaultConfigurationIsVisible = 0;
			defaultConfigurationName = Release;
		};
		E220E1EF18CE31E40059E4E5 /* Build configuration list for PBXNativeTarget "iOS7CustomCollectionViewCellTutorial" */ = {
			isa = XCConfigurationList;
			buildConfigurations = (
				E220E1F018CE31E40059E4E5 /* Debug */,
				E220E1F118CE31E40059E4E5 /* Release */,
			);
			defaultConfigurationIsVisible = 0;
		};
		E220E1F218CE31E40059E4E5 /* Build configuration list for PBXNativeTarget "iOS7CustomCollectionViewCellTutorialTests" */ = {
			isa = XCConfigurationList;
			buildConfigurations = (
				E220E1F318CE31E40059E4E5 /* Debug */,
				E220E1F418CE31E40059E4E5 /* Release */,
			);
			defaultConfigurationIsVisible = 0;
		};
/* End XCConfigurationList section */
	};
	rootObject = E220E1B518CE31E40059E4E5 /* Project object */;
}
