// !$*UTF8*$!
{
	archiveVersion = 1;
	classes = {
	};
	objectVersion = 50;
	objects = {

/* Begin PBXBuildFile section */
		E29C5E2F23A1822D00F36064 /* AppDelegate.swift in Sources */ = {isa = PBXBuildFile; fileRef = E29C5E2E23A1822D00F36064 /* AppDelegate.swift */; };
		E29C5E3123A1822D00F36064 /* SceneDelegate.swift in Sources */ = {isa = PBXBuildFile; fileRef = E29C5E3023A1822D00F36064 /* SceneDelegate.swift */; };
		E29C5E3323A1822D00F36064 /* ContentView.swift in Sources */ = {isa = PBXBuildFile; fileRef = E29C5E3223A1822D00F36064 /* ContentView.swift */; };
		E29C5E3523A1822F00F36064 /* Assets.xcassets in Resources */ = {isa = PBXBuildFile; fileRef = E29C5E3423A1822F00F36064 /* Assets.xcassets */; };
		E29C5E3823A1822F00F36064 /* Preview Assets.xcassets in Resources */ = {isa = PBXBuildFile; fileRef = E29C5E3723A1822F00F36064 /* Preview Assets.xcassets */; };
		E29C5E3B23A1822F00F36064 /* LaunchScreen.storyboard in Resources */ = {isa = PBXBuildFile; fileRef = E29C5E3923A1822F00F36064 /* LaunchScreen.storyboard */; };
/* End PBXBuildFile section */

/* Begin PBXFileReference section */
		E29C5E2B23A1822D00F36064 /* SwiftUIContextMenuTutorial.app */ = {isa = PBXFileReference; explicitFileType = wrapper.application; includeInIndex = 0; path = SwiftUIContextMenuTutorial.app; sourceTree = BUILT_PRODUCTS_DIR; };
		E29C5E2E23A1822D00F36064 /* AppDelegate.swift */ = {isa = PBXFileReference; lastKnownFileType = sourcecode.swift; path = AppDelegate.swift; sourceTree = "<group>"; };
		E29C5E3023A1822D00F36064 /* SceneDelegate.swift */ = {isa = PBXFileReference; lastKnownFileType = sourcecode.swift; path = SceneDelegate.swift; sourceTree = "<group>"; };
		E29C5E3223A1822D00F36064 /* ContentView.swift */ = {isa = PBXFileReference; lastKnownFileType = sourcecode.swift; path = ContentView.swift; sourceTree = "<group>"; };
		E29C5E3423A1822F00F36064 /* Assets.xcassets */ = {isa = PBXFileReference; lastKnownFileType = folder.assetcatalog; path = Assets.xcassets; sourceTree = "<group>"; };
		E29C5E3723A1822F00F36064 /* Preview Assets.xcassets */ = {isa = PBXFileReference; lastKnownFileType = folder.assetcatalog; path = "Preview Assets.xcassets"; sourceTree = "<group>"; };
		E29C5E3A23A1822F00F36064 /* Base */ = {isa = PBXFileReference; lastKnownFileType = file.storyboard; name = Base; path = Base.lproj/LaunchScreen.storyboard; sourceTree = "<group>"; };
		E29C5E3C23A1822F00F36064 /* Info.plist */ = {isa = PBXFileReference; lastKnownFileType = text.plist.xml; path = Info.plist; sourceTree = "<group>"; };
/* End PBXFileReference section */

/* Begin PBXFrameworksBuildPhase section */
		E29C5E2823A1822D00F36064 /* Frameworks */ = {
			isa = PBXFrameworksBuildPhase;
			buildActionMask = 2147483647;
			files = (
			);
			runOnlyForDeploymentPostprocessing = 0;
		};
/* End PBXFrameworksBuildPhase section */

/* Begin PBXGroup section */
		E29C5E2223A1822D00F36064 = {
			isa = PBXGroup;
			children = (
				E29C5E2D23A1822D00F36064 /* SwiftUIContextMenuTutorial */,
				E29C5E2C23A1822D00F36064 /* Products */,
			);
			sourceTree = "<group>";
		};
		E29C5E2C23A1822D00F36064 /* Products */ = {
			isa = PBXGroup;
			children = (
				E29C5E2B23A1822D00F36064 /* SwiftUIContextMenuTutorial.app */,
			);
			name = Products;
			sourceTree = "<group>";
		};
		E29C5E2D23A1822D00F36064 /* SwiftUIContextMenuTutorial */ = {
			isa = PBXGroup;
			children = (
				E29C5E2E23A1822D00F36064 /* AppDelegate.swift */,
				E29C5E3023A1822D00F36064 /* SceneDelegate.swift */,
				E29C5E3223A1822D00F36064 /* ContentView.swift */,
				E29C5E3423A1822F00F36064 /* Assets.xcassets */,
				E29C5E3923A1822F00F36064 /* LaunchScreen.storyboard */,
				E29C5E3C23A1822F00F36064 /* Info.plist */,
				E29C5E3623A1822F00F36064 /* Preview Content */,
			);
			path = SwiftUIContextMenuTutorial;
			sourceTree = "<group>";
		};
		E29C5E3623A1822F00F36064 /* Preview Content */ = {
			isa = PBXGroup;
			children = (
				E29C5E3723A1822F00F36064 /* Preview Assets.xcassets */,
			);
			path = "Preview Content";
			sourceTree = "<group>";
		};
/* End PBXGroup section */

/* Begin PBXNativeTarget section */
		E29C5E2A23A1822D00F36064 /* SwiftUIContextMenuTutorial */ = {
			isa = PBXNativeTarget;
			buildConfigurationList = E29C5E3F23A1822F00F36064 /* Build configuration list for PBXNativeTarget "SwiftUIContextMenuTutorial" */;
			buildPhases = (
				E29C5E2723A1822D00F36064 /* Sources */,
				E29C5E2823A1822D00F36064 /* Frameworks */,
				E29C5E2923A1822D00F36064 /* Resources */,
			);
			buildRules = (
			);
			dependencies = (
			);
			name = SwiftUIContextMenuTutorial;
			productName = SwiftUIContextMenuTutorial;
			productReference = E29C5E2B23A1822D00F36064 /* SwiftUIContextMenuTutorial.app */;
			productType = "com.apple.product-type.application";
		};
/* End PBXNativeTarget section */

/* Begin PBXProject section */
		E29C5E2323A1822D00F36064 /* Project object */ = {
			isa = PBXProject;
			attributes = {
				LastSwiftUpdateCheck = 1120;
				LastUpgradeCheck = 1120;
				ORGANIZATIONNAME = "Arthur Knopper";
				TargetAttributes = {
					E29C5E2A23A1822D00F36064 = {
						CreatedOnToolsVersion = 11.2.1;
					};
				};
			};
			buildConfigurationList = E29C5E2623A1822D00F36064 /* Build configuration list for PBXProject "SwiftUIContextMenuTutorial" */;
			compatibilityVersion = "Xcode 9.3";
			developmentRegion = en;
			hasScannedForEncodings = 0;
			knownRegions = (
				en,
				Base,
			);
			mainGroup = E29C5E2223A1822D00F36064;
			productRefGroup = E29C5E2C23A1822D00F36064 /* Products */;
			projectDirPath = "";
			projectRoot = "";
			targets = (
				E29C5E2A23A1822D00F36064 /* SwiftUIContextMenuTutorial */,
			);
		};
/* End PBXProject section */

/* Begin PBXResourcesBuildPhase section */
		E29C5E2923A1822D00F36064 /* Resources */ = {
			isa = PBXResourcesBuildPhase;
			buildActionMask = 2147483647;
			files = (
				E29C5E3B23A1822F00F36064 /* LaunchScreen.storyboard in Resources */,
				E29C5E3823A1822F00F36064 /* Preview Assets.xcassets in Resources */,
				E29C5E3523A1822F00F36064 /* Assets.xcassets in Resources */,
			);
			runOnlyForDeploymentPostprocessing = 0;
		};
/* End PBXResourcesBuildPhase section */

/* Begin PBXSourcesBuildPhase section */
		E29C5E2723A1822D00F36064 /* Sources */ = {
			isa = PBXSourcesBuildPhase;
			buildActionMask = 2147483647;
			files = (
				E29C5E2F23A1822D00F36064 /* AppDelegate.swift in Sources */,
				E29C5E3123A1822D00F36064 /* SceneDelegate.swift in Sources */,
				E29C5E3323A1822D00F36064 /* ContentView.swift in Sources */,
			);
			runOnlyForDeploymentPostprocessing = 0;
		};
/* End PBXSourcesBuildPhase section */

/* Begin PBXVariantGroup section */
		E29C5E3923A1822F00F36064 /* LaunchScreen.storyboard */ = {
			isa = PBXVariantGroup;
			children = (
				E29C5E3A23A1822F00F36064 /* Base */,
			);
			name = LaunchScreen.storyboard;
			sourceTree = "<group>";
		};
/* End PBXVariantGroup section */

/* Begin XCBuildConfiguration section */
		E29C5E3D23A1822F00F36064 /* Debug */ = {
			isa = XCBuildConfiguration;
			buildSettings = {
				ALWAYS_SEARCH_USER_PATHS = NO;
				CLANG_ANALYZER_NONNULL = YES;
				CLANG_ANALYZER_NUMBER_OBJECT_CONVERSION = YES_AGGRESSIVE;
				CLANG_CXX_LANGUAGE_STANDARD = "gnu++14";
				CLANG_CXX_LIBRARY = "libc++";
				CLANG_ENABLE_MODULES = YES;
				CLANG_ENABLE_OBJC_ARC = YES;
				CLANG_ENABLE_OBJC_WEAK = YES;
				CLANG_WARN_BLOCK_CAPTURE_AUTORELEASING = YES;
				CLANG_WARN_BOOL_CONVERSION = YES;
				CLANG_WARN_COMMA = YES;
				CLANG_WARN_CONSTANT_CONVERSION = YES;
				CLANG_WARN_DEPRECATED_OBJC_IMPLEMENTATIONS = YES;
				CLANG_WARN_DIRECT_OBJC_ISA_USAGE = YES_ERROR;
				CLANG_WARN_DOCUMENTATION_COMMENTS = YES;
				CLANG_WARN_EMPTY_BODY = YES;
				CLANG_WARN_ENUM_CONVERSION = YES;
				CLANG_WARN_INFINITE_RECURSION = YES;
				CLANG_WARN_INT_CONVERSION = YES;
				CLANG_WARN_NON_LITERAL_NULL_CONVERSION = YES;
				CLANG_WARN_OBJC_IMPLICIT_RETAIN_SELF = YES;
				CLANG_WARN_OBJC_LITERAL_CONVERSION = YES;
				CLANG_WARN_OBJC_ROOT_CLASS = YES_ERROR;
				CLANG_WARN_RANGE_LOOP_ANALYSIS = YES;
				CLANG_WARN_STRICT_PROTOTYPES = YES;
				CLANG_WARN_SUSPICIOUS_MOVE = YES;
				CLANG_WARN_UNGUARDED_AVAILABILITY = YES_AGGRESSIVE;
				CLANG_WARN_UNREACHABLE_CODE = YES;
				CLANG_WARN__DUPLICATE_METHOD_MATCH = YES;
				COPY_PHASE_STRIP = NO;
				DEBUG_INFORMATION_FORMAT = dwarf;
				ENABLE_STRICT_OBJC_MSGSEND = YES;
				ENABLE_TESTABILITY = YES;
				GCC_C_LANGUAGE_STANDARD = gnu11;
				GCC_DYNAMIC_NO_PIC = NO;
				GCC_NO_COMMON_BLOCKS = YES;
				GCC_OPTIMIZATION_LEVEL = 0;
				GCC_PREPROCESSOR_DEFINITIONS = (
					"DEBUG=1",
					"$(inherited)",
				);
				GCC_WARN_64_TO_32_BIT_CONVERSION = YES;
				GCC_WARN_ABOUT_RETURN_TYPE = YES_ERROR;
				GCC_WARN_UNDECLARED_SELECTOR = YES;
				GCC_WARN_UNINITIALIZED_AUTOS = YES_AGGRESSIVE;
				GCC_WARN_UNUSED_FUNCTION = YES;
				GCC_WARN_UNUSED_VARIABLE = YES;
				IPHONEOS_DEPLOYMENT_TARGET = 13.2;
				MTL_ENABLE_DEBUG_INFO = INCLUDE_SOURCE;
				MTL_FAST_MATH = YES;
				ONLY_ACTIVE_ARCH = YES;
				SDKROOT = iphoneos;
				SWIFT_ACTIVE_COMPILATION_CONDITIONS = DEBUG;
				SWIFT_OPTIMIZATION_LEVEL = "-Onone";
			};
			name = Debug;
		};
		E29C5E3E23A1822F00F36064 /* Release */ = {
			isa = XCBuildConfiguration;
			buildSettings = {
				ALWAYS_SEARCH_USER_PATHS = NO;
				CLANG_ANALYZER_NONNULL = YES;
				CLANG_ANALYZER_NUMBER_OBJECT_CONVERSION = YES_AGGRESSIVE;
				CLANG_CXX_LANGUAGE_STANDARD = "gnu++14";
				CLANG_CXX_LIBRARY = "libc++";
				CLANG_ENABLE_MODULES = YES;
				CLANG_ENABLE_OBJC_ARC = YES;
				CLANG_ENABLE_OBJC_WEAK = YES;
				CLANG_WARN_BLOCK_CAPTURE_AUTORELEASING = YES;
				CLANG_WARN_BOOL_CONVERSION = YES;
				CLANG_WARN_COMMA = YES;
				CLANG_WARN_CONSTANT_CONVERSION = YES;
				CLANG_WARN_DEPRECATED_OBJC_IMPLEMENTATIONS = YES;
				CLANG_WARN_DIRECT_OBJC_ISA_USAGE = YES_ERROR;
				CLANG_WARN_DOCUMENTATION_COMMENTS = YES;
				CLANG_WARN_EMPTY_BODY = YES;
				CLANG_WARN_ENUM_CONVERSION = YES;
				CLANG_WARN_INFINITE_RECURSION = YES;
				CLANG_WARN_INT_CONVERSION = YES;
				CLANG_WARN_NON_LITERAL_NULL_CONVERSION = YES;
				CLANG_WARN_OBJC_IMPLICIT_RETAIN_SELF = YES;
				CLANG_WARN_OBJC_LITERAL_CONVERSION = YES;
				CLANG_WARN_OBJC_ROOT_CLASS = YES_ERROR;
				CLANG_WARN_RANGE_LOOP_ANALYSIS = YES;
				CLANG_WARN_STRICT_PROTOTYPES = YES;
				CLANG_WARN_SUSPICIOUS_MOVE = YES;
				CLANG_WARN_UNGUARDED_AVAILABILITY = YES_AGGRESSIVE;
				CLANG_WARN_UNREACHABLE_CODE = YES;
				CLANG_WARN__DUPLICATE_METHOD_MATCH = YES;
				COPY_PHASE_STRIP = NO;
				DEBUG_INFORMATION_FORMAT = "dwarf-with-dsym";
				ENABLE_NS_ASSERTIONS = NO;
				ENABLE_STRICT_OBJC_MSGSEND = YES;
				GCC_C_LANGUAGE_STANDARD = gnu11;
				GCC_NO_COMMON_BLOCKS = YES;
				GCC_WARN_64_TO_32_BIT_CONVERSION = YES;
				GCC_WARN_ABOUT_RETURN_TYPE = YES_ERROR;
				GCC_WARN_UNDECLARED_SELECTOR = YES;
				GCC_WARN_UNINITIALIZED_AUTOS = YES_AGGRESSIVE;
				GCC_WARN_UNUSED_FUNCTION = YES;
				GCC_WARN_UNUSED_VARIABLE = YES;
				IPHONEOS_DEPLOYMENT_TARGET = 13.2;
				MTL_ENABLE_DEBUG_INFO = NO;
				MTL_FAST_MATH = YES;
				SDKROOT = iphoneos;
				SWIFT_COMPILATION_MODE = wholemodule;
				SWIFT_OPTIMIZATION_LEVEL = "-O";
				VALIDATE_PRODUCT = YES;
			};
			name = Release;
		};
		E29C5E4023A1822F00F36064 /* Debug */ = {
			isa = XCBuildConfiguration;
			buildSettings = {
				ASSETCATALOG_COMPILER_APPICON_NAME = AppIcon;
				CODE_SIGN_STYLE = Automatic;
				DEVELOPMENT_ASSET_PATHS = "\"SwiftUIContextMenuTutorial/Preview Content\"";
				DEVELOPMENT_TEAM = Z5DP89AMR6;
				ENABLE_PREVIEWS = YES;
				INFOPLIST_FILE = SwiftUIContextMenuTutorial/Info.plist;
				LD_RUNPATH_SEARCH_PATHS = (
					"$(inherited)",
					"@executable_path/Frameworks",
				);
				PRODUCT_BUNDLE_IDENTIFIER = com.ioscreator.SwiftUIContextMenuTutorial;
				PRODUCT_NAME = "$(TARGET_NAME)";
				SWIFT_VERSION = 5.0;
				TARGETED_DEVICE_FAMILY = "1,2";
			};
			name = Debug;
		};
		E29C5E4123A1822F00F36064 /* Release */ = {
			isa = XCBuildConfiguration;
			buildSettings = {
				ASSETCATALOG_COMPILER_APPICON_NAME = AppIcon;
				CODE_SIGN_STYLE = Automatic;
				DEVELOPMENT_ASSET_PATHS = "\"SwiftUIContextMenuTutorial/Preview Content\"";
				DEVELOPMENT_TEAM = Z5DP89AMR6;
				ENABLE_PREVIEWS = YES;
				INFOPLIST_FILE = SwiftUIContextMenuTutorial/Info.plist;
				LD_RUNPATH_SEARCH_PATHS = (
					"$(inherited)",
					"@executable_path/Frameworks",
				);
				PRODUCT_BUNDLE_IDENTIFIER = com.ioscreator.SwiftUIContextMenuTutorial;
				PRODUCT_NAME = "$(TARGET_NAME)";
				SWIFT_VERSION = 5.0;
				TARGETED_DEVICE_FAMILY = "1,2";
			};
			name = Release;
		};
/* End XCBuildConfiguration section */

/* Begin XCConfigurationList section */
		E29C5E2623A1822D00F36064 /* Build configuration list for PBXProject "SwiftUIContextMenuTutorial" */ = {
			isa = XCConfigurationList;
			buildConfigurations = (
				E29C5E3D23A1822F00F36064 /* Debug */,
				E29C5E3E23A1822F00F36064 /* Release */,
			);
			defaultConfigurationIsVisible = 0;
			defaultConfigurationName = Release;
		};
		E29C5E3F23A1822F00F36064 /* Build configuration list for PBXNativeTarget "SwiftUIContextMenuTutorial" */ = {
			isa = XCConfigurationList;
			buildConfigurations = (
				E29C5E4023A1822F00F36064 /* Debug */,
				E29C5E4123A1822F00F36064 /* Release */,
			);
			defaultConfigurationIsVisible = 0;
			defaultConfigurationName = Release;
		};
/* End XCConfigurationList section */
	};
	rootObject = E29C5E2323A1822D00F36064 /* Project object */;
}
