// !$*UTF8*$!
{
	archiveVersion = 1;
	classes = {
	};
	objectVersion = 50;
	objects = {

/* Begin PBXBuildFile section */
		A408FCF8221B4EA000662EAA /* AppDelegate.swift in Sources */ = {isa = PBXBuildFile; fileRef = A408FCF7221B4EA000662EAA /* AppDelegate.swift */; };
		A408FCFA221B4EA000662EAA /* ViewController.swift in Sources */ = {isa = PBXBuildFile; fileRef = A408FCF9221B4EA000662EAA /* ViewController.swift */; };
		A408FCFD221B4EA000662EAA /* Main.storyboard in Resources */ = {isa = PBXBuildFile; fileRef = A408FCFB221B4EA000662EAA /* Main.storyboard */; };
		A408FCFF221B4EA200662EAA /* Assets.xcassets in Resources */ = {isa = PBXBuildFile; fileRef = A408FCFE221B4EA200662EAA /* Assets.xcassets */; };
		A408FD02221B4EA200662EAA /* LaunchScreen.storyboard in Resources */ = {isa = PBXBuildFile; fileRef = A408FD00221B4EA200662EAA /* LaunchScreen.storyboard */; };
		A408FD0A221B4F1200662EAA /* LineView.swift in Sources */ = {isa = PBXBuildFile; fileRef = A408FD09221B4F1200662EAA /* LineView.swift */; };
/* End PBXBuildFile section */

/* Begin PBXFileReference section */
		A408FCF4221B4EA000662EAA /* IOSCollisionDetectionTutorial.app */ = {isa = PBXFileReference; explicitFileType = wrapper.application; includeInIndex = 0; path = IOSCollisionDetectionTutorial.app; sourceTree = BUILT_PRODUCTS_DIR; };
		A408FCF7221B4EA000662EAA /* AppDelegate.swift */ = {isa = PBXFileReference; lastKnownFileType = sourcecode.swift; path = AppDelegate.swift; sourceTree = "<group>"; };
		A408FCF9221B4EA000662EAA /* ViewController.swift */ = {isa = PBXFileReference; lastKnownFileType = sourcecode.swift; path = ViewController.swift; sourceTree = "<group>"; };
		A408FCFC221B4EA000662EAA /* Base */ = {isa = PBXFileReference; lastKnownFileType = file.storyboard; name = Base; path = Base.lproj/Main.storyboard; sourceTree = "<group>"; };
		A408FCFE221B4EA200662EAA /* Assets.xcassets */ = {isa = PBXFileReference; lastKnownFileType = folder.assetcatalog; path = Assets.xcassets; sourceTree = "<group>"; };
		A408FD01221B4EA200662EAA /* Base */ = {isa = PBXFileReference; lastKnownFileType = file.storyboard; name = Base; path = Base.lproj/LaunchScreen.storyboard; sourceTree = "<group>"; };
		A408FD03221B4EA200662EAA /* Info.plist */ = {isa = PBXFileReference; lastKnownFileType = text.plist.xml; path = Info.plist; sourceTree = "<group>"; };
		A408FD09221B4F1200662EAA /* LineView.swift */ = {isa = PBXFileReference; lastKnownFileType = sourcecode.swift; path = LineView.swift; sourceTree = "<group>"; };
/* End PBXFileReference section */

/* Begin PBXFrameworksBuildPhase section */
		A408FCF1221B4EA000662EAA /* Frameworks */ = {
			isa = PBXFrameworksBuildPhase;
			buildActionMask = 2147483647;
			files = (
			);
			runOnlyForDeploymentPostprocessing = 0;
		};
/* End PBXFrameworksBuildPhase section */

/* Begin PBXGroup section */
		A408FCEB221B4EA000662EAA = {
			isa = PBXGroup;
			children = (
				A408FD09221B4F1200662EAA /* LineView.swift */,
				A408FCF6221B4EA000662EAA /* IOSCollisionDetectionTutorial */,
				A408FCF5221B4EA000662EAA /* Products */,
			);
			sourceTree = "<group>";
		};
		A408FCF5221B4EA000662EAA /* Products */ = {
			isa = PBXGroup;
			children = (
				A408FCF4221B4EA000662EAA /* IOSCollisionDetectionTutorial.app */,
			);
			name = Products;
			sourceTree = "<group>";
		};
		A408FCF6221B4EA000662EAA /* IOSCollisionDetectionTutorial */ = {
			isa = PBXGroup;
			children = (
				A408FCF7221B4EA000662EAA /* AppDelegate.swift */,
				A408FCF9221B4EA000662EAA /* ViewController.swift */,
				A408FCFB221B4EA000662EAA /* Main.storyboard */,
				A408FCFE221B4EA200662EAA /* Assets.xcassets */,
				A408FD00221B4EA200662EAA /* LaunchScreen.storyboard */,
				A408FD03221B4EA200662EAA /* Info.plist */,
			);
			path = IOSCollisionDetectionTutorial;
			sourceTree = "<group>";
		};
/* End PBXGroup section */

/* Begin PBXNativeTarget section */
		A408FCF3221B4EA000662EAA /* IOSCollisionDetectionTutorial */ = {
			isa = PBXNativeTarget;
			buildConfigurationList = A408FD06221B4EA200662EAA /* Build configuration list for PBXNativeTarget "IOSCollisionDetectionTutorial" */;
			buildPhases = (
				A408FCF0221B4EA000662EAA /* Sources */,
				A408FCF1221B4EA000662EAA /* Frameworks */,
				A408FCF2221B4EA000662EAA /* Resources */,
			);
			buildRules = (
			);
			dependencies = (
			);
			name = IOSCollisionDetectionTutorial;
			productName = IOSCollisionDetectionTutorial;
			productReference = A408FCF4221B4EA000662EAA /* IOSCollisionDetectionTutorial.app */;
			productType = "com.apple.product-type.application";
		};
/* End PBXNativeTarget section */

/* Begin PBXProject section */
		A408FCEC221B4EA000662EAA /* Project object */ = {
			isa = PBXProject;
			attributes = {
				LastSwiftUpdateCheck = 1010;
				LastUpgradeCheck = 1010;
				ORGANIZATIONNAME = "Arthur Knopper";
				TargetAttributes = {
					A408FCF3221B4EA000662EAA = {
						CreatedOnToolsVersion = 10.1;
					};
				};
			};
			buildConfigurationList = A408FCEF221B4EA000662EAA /* Build configuration list for PBXProject "IOSCollisionDetectionTutorial" */;
			compatibilityVersion = "Xcode 9.3";
			developmentRegion = en;
			hasScannedForEncodings = 0;
			knownRegions = (
				en,
				Base,
			);
			mainGroup = A408FCEB221B4EA000662EAA;
			productRefGroup = A408FCF5221B4EA000662EAA /* Products */;
			projectDirPath = "";
			projectRoot = "";
			targets = (
				A408FCF3221B4EA000662EAA /* IOSCollisionDetectionTutorial */,
			);
		};
/* End PBXProject section */

/* Begin PBXResourcesBuildPhase section */
		A408FCF2221B4EA000662EAA /* Resources */ = {
			isa = PBXResourcesBuildPhase;
			buildActionMask = 2147483647;
			files = (
				A408FD02221B4EA200662EAA /* LaunchScreen.storyboard in Resources */,
				A408FCFF221B4EA200662EAA /* Assets.xcassets in Resources */,
				A408FCFD221B4EA000662EAA /* Main.storyboard in Resources */,
			);
			runOnlyForDeploymentPostprocessing = 0;
		};
/* End PBXResourcesBuildPhase section */

/* Begin PBXSourcesBuildPhase section */
		A408FCF0221B4EA000662EAA /* Sources */ = {
			isa = PBXSourcesBuildPhase;
			buildActionMask = 2147483647;
			files = (
				A408FCFA221B4EA000662EAA /* ViewController.swift in Sources */,
				A408FCF8221B4EA000662EAA /* AppDelegate.swift in Sources */,
				A408FD0A221B4F1200662EAA /* LineView.swift in Sources */,
			);
			runOnlyForDeploymentPostprocessing = 0;
		};
/* End PBXSourcesBuildPhase section */

/* Begin PBXVariantGroup section */
		A408FCFB221B4EA000662EAA /* Main.storyboard */ = {
			isa = PBXVariantGroup;
			children = (
				A408FCFC221B4EA000662EAA /* Base */,
			);
			name = Main.storyboard;
			sourceTree = "<group>";
		};
		A408FD00221B4EA200662EAA /* LaunchScreen.storyboard */ = {
			isa = PBXVariantGroup;
			children = (
				A408FD01221B4EA200662EAA /* Base */,
			);
			name = LaunchScreen.storyboard;
			sourceTree = "<group>";
		};
/* End PBXVariantGroup section */

/* Begin XCBuildConfiguration section */
		A408FD04221B4EA200662EAA /* Debug */ = {
			isa = XCBuildConfiguration;
			buildSettings = {
				ALWAYS_SEARCH_USER_PATHS = NO;
				CLANG_ANALYZER_NONNULL = YES;
				CLANG_ANALYZER_NUMBER_OBJECT_CONVERSION = YES_AGGRESSIVE;
				CLANG_CXX_LANGUAGE_STANDARD = "gnu++14";
				CLANG_CXX_LIBRARY = "libc++";
				CLANG_ENABLE_MODULES = YES;
				CLANG_ENABLE_OBJC_ARC = YES;
				CLANG_ENABLE_OBJC_WEAK = YES;
				CLANG_WARN_BLOCK_CAPTURE_AUTORELEASING = YES;
				CLANG_WARN_BOOL_CONVERSION = YES;
				CLANG_WARN_COMMA = YES;
				CLANG_WARN_CONSTANT_CONVERSION = YES;
				CLANG_WARN_DEPRECATED_OBJC_IMPLEMENTATIONS = YES;
				CLANG_WARN_DIRECT_OBJC_ISA_USAGE = YES_ERROR;
				CLANG_WARN_DOCUMENTATION_COMMENTS = YES;
				CLANG_WARN_EMPTY_BODY = YES;
				CLANG_WARN_ENUM_CONVERSION = YES;
				CLANG_WARN_INFINITE_RECURSION = YES;
				CLANG_WARN_INT_CONVERSION = YES;
				CLANG_WARN_NON_LITERAL_NULL_CONVERSION = YES;
				CLANG_WARN_OBJC_IMPLICIT_RETAIN_SELF = YES;
				CLANG_WARN_OBJC_LITERAL_CONVERSION = YES;
				CLANG_WARN_OBJC_ROOT_CLASS = YES_ERROR;
				CLANG_WARN_RANGE_LOOP_ANALYSIS = YES;
				CLANG_WARN_STRICT_PROTOTYPES = YES;
				CLANG_WARN_SUSPICIOUS_MOVE = YES;
				CLANG_WARN_UNGUARDED_AVAILABILITY = YES_AGGRESSIVE;
				CLANG_WARN_UNREACHABLE_CODE = YES;
				CLANG_WARN__DUPLICATE_METHOD_MATCH = YES;
				CODE_SIGN_IDENTITY = "iPhone Developer";
				COPY_PHASE_STRIP = NO;
				DEBUG_INFORMATION_FORMAT = dwarf;
				ENABLE_STRICT_OBJC_MSGSEND = YES;
				ENABLE_TESTABILITY = YES;
				GCC_C_LANGUAGE_STANDARD = gnu11;
				GCC_DYNAMIC_NO_PIC = NO;
				GCC_NO_COMMON_BLOCKS = YES;
				GCC_OPTIMIZATION_LEVEL = 0;
				GCC_PREPROCESSOR_DEFINITIONS = (
					"DEBUG=1",
					"$(inherited)",
				);
				GCC_WARN_64_TO_32_BIT_CONVERSION = YES;
				GCC_WARN_ABOUT_RETURN_TYPE = YES_ERROR;
				GCC_WARN_UNDECLARED_SELECTOR = YES;
				GCC_WARN_UNINITIALIZED_AUTOS = YES_AGGRESSIVE;
				GCC_WARN_UNUSED_FUNCTION = YES;
				GCC_WARN_UNUSED_VARIABLE = YES;
				IPHONEOS_DEPLOYMENT_TARGET = 12.1;
				MTL_ENABLE_DEBUG_INFO = INCLUDE_SOURCE;
				MTL_FAST_MATH = YES;
				ONLY_ACTIVE_ARCH = YES;
				SDKROOT = iphoneos;
				SWIFT_ACTIVE_COMPILATION_CONDITIONS = DEBUG;
				SWIFT_OPTIMIZATION_LEVEL = "-Onone";
			};
			name = Debug;
		};
		A408FD05221B4EA200662EAA /* Release */ = {
			isa = XCBuildConfiguration;
			buildSettings = {
				ALWAYS_SEARCH_USER_PATHS = NO;
				CLANG_ANALYZER_NONNULL = YES;
				CLANG_ANALYZER_NUMBER_OBJECT_CONVERSION = YES_AGGRESSIVE;
				CLANG_CXX_LANGUAGE_STANDARD = "gnu++14";
				CLANG_CXX_LIBRARY = "libc++";
				CLANG_ENABLE_MODULES = YES;
				CLANG_ENABLE_OBJC_ARC = YES;
				CLANG_ENABLE_OBJC_WEAK = YES;
				CLANG_WARN_BLOCK_CAPTURE_AUTORELEASING = YES;
				CLANG_WARN_BOOL_CONVERSION = YES;
				CLANG_WARN_COMMA = YES;
				CLANG_WARN_CONSTANT_CONVERSION = YES;
				CLANG_WARN_DEPRECATED_OBJC_IMPLEMENTATIONS = YES;
				CLANG_WARN_DIRECT_OBJC_ISA_USAGE = YES_ERROR;
				CLANG_WARN_DOCUMENTATION_COMMENTS = YES;
				CLANG_WARN_EMPTY_BODY = YES;
				CLANG_WARN_ENUM_CONVERSION = YES;
				CLANG_WARN_INFINITE_RECURSION = YES;
				CLANG_WARN_INT_CONVERSION = YES;
				CLANG_WARN_NON_LITERAL_NULL_CONVERSION = YES;
				CLANG_WARN_OBJC_IMPLICIT_RETAIN_SELF = YES;
				CLANG_WARN_OBJC_LITERAL_CONVERSION = YES;
				CLANG_WARN_OBJC_ROOT_CLASS = YES_ERROR;
				CLANG_WARN_RANGE_LOOP_ANALYSIS = YES;
				CLANG_WARN_STRICT_PROTOTYPES = YES;
				CLANG_WARN_SUSPICIOUS_MOVE = YES;
				CLANG_WARN_UNGUARDED_AVAILABILITY = YES_AGGRESSIVE;
				CLANG_WARN_UNREACHABLE_CODE = YES;
				CLANG_WARN__DUPLICATE_METHOD_MATCH = YES;
				CODE_SIGN_IDENTITY = "iPhone Developer";
				COPY_PHASE_STRIP = NO;
				DEBUG_INFORMATION_FORMAT = "dwarf-with-dsym";
				ENABLE_NS_ASSERTIONS = NO;
				ENABLE_STRICT_OBJC_MSGSEND = YES;
				GCC_C_LANGUAGE_STANDARD = gnu11;
				GCC_NO_COMMON_BLOCKS = YES;
				GCC_WARN_64_TO_32_BIT_CONVERSION = YES;
				GCC_WARN_ABOUT_RETURN_TYPE = YES_ERROR;
				GCC_WARN_UNDECLARED_SELECTOR = YES;
				GCC_WARN_UNINITIALIZED_AUTOS = YES_AGGRESSIVE;
				GCC_WARN_UNUSED_FUNCTION = YES;
				GCC_WARN_UNUSED_VARIABLE = YES;
				IPHONEOS_DEPLOYMENT_TARGET = 12.1;
				MTL_ENABLE_DEBUG_INFO = NO;
				MTL_FAST_MATH = YES;
				SDKROOT = iphoneos;
				SWIFT_COMPILATION_MODE = wholemodule;
				SWIFT_OPTIMIZATION_LEVEL = "-O";
				VALIDATE_PRODUCT = YES;
			};
			name = Release;
		};
		A408FD07221B4EA200662EAA /* Debug */ = {
			isa = XCBuildConfiguration;
			buildSettings = {
				ASSETCATALOG_COMPILER_APPICON_NAME = AppIcon;
				CODE_SIGN_STYLE = Automatic;
				DEVELOPMENT_TEAM = Z5DP89AMR6;
				INFOPLIST_FILE = IOSCollisionDetectionTutorial/Info.plist;
				LD_RUNPATH_SEARCH_PATHS = (
					"$(inherited)",
					"@executable_path/Frameworks",
				);
				PRODUCT_BUNDLE_IDENTIFIER = com.ioscreator.IOSCollisionDetectionTutorial;
				PRODUCT_NAME = "$(TARGET_NAME)";
				SWIFT_VERSION = 4.2;
				TARGETED_DEVICE_FAMILY = "1,2";
			};
			name = Debug;
		};
		A408FD08221B4EA200662EAA /* Release */ = {
			isa = XCBuildConfiguration;
			buildSettings = {
				ASSETCATALOG_COMPILER_APPICON_NAME = AppIcon;
				CODE_SIGN_STYLE = Automatic;
				DEVELOPMENT_TEAM = Z5DP89AMR6;
				INFOPLIST_FILE = IOSCollisionDetectionTutorial/Info.plist;
				LD_RUNPATH_SEARCH_PATHS = (
					"$(inherited)",
					"@executable_path/Frameworks",
				);
				PRODUCT_BUNDLE_IDENTIFIER = com.ioscreator.IOSCollisionDetectionTutorial;
				PRODUCT_NAME = "$(TARGET_NAME)";
				SWIFT_VERSION = 4.2;
				TARGETED_DEVICE_FAMILY = "1,2";
			};
			name = Release;
		};
/* End XCBuildConfiguration section */

/* Begin XCConfigurationList section */
		A408FCEF221B4EA000662EAA /* Build configuration list for PBXProject "IOSCollisionDetectionTutorial" */ = {
			isa = XCConfigurationList;
			buildConfigurations = (
				A408FD04221B4EA200662EAA /* Debug */,
				A408FD05221B4EA200662EAA /* Release */,
			);
			defaultConfigurationIsVisible = 0;
			defaultConfigurationName = Release;
		};
		A408FD06221B4EA200662EAA /* Build configuration list for PBXNativeTarget "IOSCollisionDetectionTutorial" */ = {
			isa = XCConfigurationList;
			buildConfigurations = (
				A408FD07221B4EA200662EAA /* Debug */,
				A408FD08221B4EA200662EAA /* Release */,
			);
			defaultConfigurationIsVisible = 0;
			defaultConfigurationName = Release;
		};
/* End XCConfigurationList section */
	};
	rootObject = A408FCEC221B4EA000662EAA /* Project object */;
}
