// !$*UTF8*$!
{
	archiveVersion = 1;
	classes = {
	};
	objectVersion = 46;
	objects = {

/* Begin PBXBuildFile section */
		E21847201A4DE9BE007EA99E /* AppDelegate.swift in Sources */ = {isa = PBXBuildFile; fileRef = E218471F1A4DE9BE007EA99E /* AppDelegate.swift */; };
		E21847221A4DE9BE007EA99E /* art.scnassets in Resources */ = {isa = PBXBuildFile; fileRef = E21847211A4DE9BE007EA99E /* art.scnassets */; };
		E21847241A4DE9BE007EA99E /* GameViewController.swift in Sources */ = {isa = PBXBuildFile; fileRef = E21847231A4DE9BE007EA99E /* GameViewController.swift */; };
		E21847271A4DE9BE007EA99E /* Main.storyboard in Resources */ = {isa = PBXBuildFile; fileRef = E21847251A4DE9BE007EA99E /* Main.storyboard */; };
		E21847291A4DE9BE007EA99E /* Images.xcassets in Resources */ = {isa = PBXBuildFile; fileRef = E21847281A4DE9BE007EA99E /* Images.xcassets */; };
		E218472C1A4DE9BE007EA99E /* LaunchScreen.xib in Resources */ = {isa = PBXBuildFile; fileRef = E218472A1A4DE9BE007EA99E /* LaunchScreen.xib */; };
		E21847381A4DE9BE007EA99E /* IOS8SwiftSceneKitTutorialTests.swift in Sources */ = {isa = PBXBuildFile; fileRef = E21847371A4DE9BE007EA99E /* IOS8SwiftSceneKitTutorialTests.swift */; };
		E21847441A56DBD1007EA99E /* MyScene.swift in Sources */ = {isa = PBXBuildFile; fileRef = E21847431A56DBD1007EA99E /* MyScene.swift */; };
/* End PBXBuildFile section */

/* Begin PBXContainerItemProxy section */
		E21847321A4DE9BE007EA99E /* PBXContainerItemProxy */ = {
			isa = PBXContainerItemProxy;
			containerPortal = E21847121A4DE9BE007EA99E /* Project object */;
			proxyType = 1;
			remoteGlobalIDString = E21847191A4DE9BE007EA99E;
			remoteInfo = IOS8SwiftSceneKitTutorial;
		};
/* End PBXContainerItemProxy section */

/* Begin PBXFileReference section */
		E218471A1A4DE9BE007EA99E /* IOS8SwiftSceneKitTutorial.app */ = {isa = PBXFileReference; explicitFileType = wrapper.application; includeInIndex = 0; path = IOS8SwiftSceneKitTutorial.app; sourceTree = BUILT_PRODUCTS_DIR; };
		E218471E1A4DE9BE007EA99E /* Info.plist */ = {isa = PBXFileReference; lastKnownFileType = text.plist.xml; path = Info.plist; sourceTree = "<group>"; };
		E218471F1A4DE9BE007EA99E /* AppDelegate.swift */ = {isa = PBXFileReference; lastKnownFileType = sourcecode.swift; path = AppDelegate.swift; sourceTree = "<group>"; };
		E21847211A4DE9BE007EA99E /* art.scnassets */ = {isa = PBXFileReference; lastKnownFileType = wrapper.scnassets; path = art.scnassets; sourceTree = "<group>"; };
		E21847231A4DE9BE007EA99E /* GameViewController.swift */ = {isa = PBXFileReference; lastKnownFileType = sourcecode.swift; path = GameViewController.swift; sourceTree = "<group>"; };
		E21847261A4DE9BE007EA99E /* Base */ = {isa = PBXFileReference; lastKnownFileType = file.storyboard; name = Base; path = Base.lproj/Main.storyboard; sourceTree = "<group>"; };
		E21847281A4DE9BE007EA99E /* Images.xcassets */ = {isa = PBXFileReference; lastKnownFileType = folder.assetcatalog; path = Images.xcassets; sourceTree = "<group>"; };
		E218472B1A4DE9BE007EA99E /* Base */ = {isa = PBXFileReference; lastKnownFileType = file.xib; name = Base; path = Base.lproj/LaunchScreen.xib; sourceTree = "<group>"; };
		E21847311A4DE9BE007EA99E /* IOS8SwiftSceneKitTutorialTests.xctest */ = {isa = PBXFileReference; explicitFileType = wrapper.cfbundle; includeInIndex = 0; path = IOS8SwiftSceneKitTutorialTests.xctest; sourceTree = BUILT_PRODUCTS_DIR; };
		E21847361A4DE9BE007EA99E /* Info.plist */ = {isa = PBXFileReference; lastKnownFileType = text.plist.xml; path = Info.plist; sourceTree = "<group>"; };
		E21847371A4DE9BE007EA99E /* IOS8SwiftSceneKitTutorialTests.swift */ = {isa = PBXFileReference; lastKnownFileType = sourcecode.swift; path = IOS8SwiftSceneKitTutorialTests.swift; sourceTree = "<group>"; };
		E21847431A56DBD1007EA99E /* MyScene.swift */ = {isa = PBXFileReference; fileEncoding = 4; lastKnownFileType = sourcecode.swift; path = MyScene.swift; sourceTree = "<group>"; };
/* End PBXFileReference section */

/* Begin PBXFrameworksBuildPhase section */
		E21847171A4DE9BE007EA99E /* Frameworks */ = {
			isa = PBXFrameworksBuildPhase;
			buildActionMask = 2147483647;
			files = (
			);
			runOnlyForDeploymentPostprocessing = 0;
		};
		E218472E1A4DE9BE007EA99E /* Frameworks */ = {
			isa = PBXFrameworksBuildPhase;
			buildActionMask = 2147483647;
			files = (
			);
			runOnlyForDeploymentPostprocessing = 0;
		};
/* End PBXFrameworksBuildPhase section */

/* Begin PBXGroup section */
		E21847111A4DE9BE007EA99E = {
			isa = PBXGroup;
			children = (
				E218471C1A4DE9BE007EA99E /* IOS8SwiftSceneKitTutorial */,
				E21847341A4DE9BE007EA99E /* IOS8SwiftSceneKitTutorialTests */,
				E218471B1A4DE9BE007EA99E /* Products */,
			);
			sourceTree = "<group>";
		};
		E218471B1A4DE9BE007EA99E /* Products */ = {
			isa = PBXGroup;
			children = (
				E218471A1A4DE9BE007EA99E /* IOS8SwiftSceneKitTutorial.app */,
				E21847311A4DE9BE007EA99E /* IOS8SwiftSceneKitTutorialTests.xctest */,
			);
			name = Products;
			sourceTree = "<group>";
		};
		E218471C1A4DE9BE007EA99E /* IOS8SwiftSceneKitTutorial */ = {
			isa = PBXGroup;
			children = (
				E218471F1A4DE9BE007EA99E /* AppDelegate.swift */,
				E21847211A4DE9BE007EA99E /* art.scnassets */,
				E21847231A4DE9BE007EA99E /* GameViewController.swift */,
				E21847431A56DBD1007EA99E /* MyScene.swift */,
				E21847251A4DE9BE007EA99E /* Main.storyboard */,
				E21847281A4DE9BE007EA99E /* Images.xcassets */,
				E218472A1A4DE9BE007EA99E /* LaunchScreen.xib */,
				E218471D1A4DE9BE007EA99E /* Supporting Files */,
			);
			path = IOS8SwiftSceneKitTutorial;
			sourceTree = "<group>";
		};
		E218471D1A4DE9BE007EA99E /* Supporting Files */ = {
			isa = PBXGroup;
			children = (
				E218471E1A4DE9BE007EA99E /* Info.plist */,
			);
			name = "Supporting Files";
			sourceTree = "<group>";
		};
		E21847341A4DE9BE007EA99E /* IOS8SwiftSceneKitTutorialTests */ = {
			isa = PBXGroup;
			children = (
				E21847371A4DE9BE007EA99E /* IOS8SwiftSceneKitTutorialTests.swift */,
				E21847351A4DE9BE007EA99E /* Supporting Files */,
			);
			path = IOS8SwiftSceneKitTutorialTests;
			sourceTree = "<group>";
		};
		E21847351A4DE9BE007EA99E /* Supporting Files */ = {
			isa = PBXGroup;
			children = (
				E21847361A4DE9BE007EA99E /* Info.plist */,
			);
			name = "Supporting Files";
			sourceTree = "<group>";
		};
/* End PBXGroup section */

/* Begin PBXNativeTarget section */
		E21847191A4DE9BE007EA99E /* IOS8SwiftSceneKitTutorial */ = {
			isa = PBXNativeTarget;
			buildConfigurationList = E218473B1A4DE9BE007EA99E /* Build configuration list for PBXNativeTarget "IOS8SwiftSceneKitTutorial" */;
			buildPhases = (
				E21847161A4DE9BE007EA99E /* Sources */,
				E21847171A4DE9BE007EA99E /* Frameworks */,
				E21847181A4DE9BE007EA99E /* Resources */,
			);
			buildRules = (
			);
			dependencies = (
			);
			name = IOS8SwiftSceneKitTutorial;
			productName = IOS8SwiftSceneKitTutorial;
			productReference = E218471A1A4DE9BE007EA99E /* IOS8SwiftSceneKitTutorial.app */;
			productType = "com.apple.product-type.application";
		};
		E21847301A4DE9BE007EA99E /* IOS8SwiftSceneKitTutorialTests */ = {
			isa = PBXNativeTarget;
			buildConfigurationList = E218473E1A4DE9BE007EA99E /* Build configuration list for PBXNativeTarget "IOS8SwiftSceneKitTutorialTests" */;
			buildPhases = (
				E218472D1A4DE9BE007EA99E /* Sources */,
				E218472E1A4DE9BE007EA99E /* Frameworks */,
				E218472F1A4DE9BE007EA99E /* Resources */,
			);
			buildRules = (
			);
			dependencies = (
				E21847331A4DE9BE007EA99E /* PBXTargetDependency */,
			);
			name = IOS8SwiftSceneKitTutorialTests;
			productName = IOS8SwiftSceneKitTutorialTests;
			productReference = E21847311A4DE9BE007EA99E /* IOS8SwiftSceneKitTutorialTests.xctest */;
			productType = "com.apple.product-type.bundle.unit-test";
		};
/* End PBXNativeTarget section */

/* Begin PBXProject section */
		E21847121A4DE9BE007EA99E /* Project object */ = {
			isa = PBXProject;
			attributes = {
				LastUpgradeCheck = 0610;
				ORGANIZATIONNAME = "Arthur Knopper";
				TargetAttributes = {
					E21847191A4DE9BE007EA99E = {
						CreatedOnToolsVersion = 6.1.1;
					};
					E21847301A4DE9BE007EA99E = {
						CreatedOnToolsVersion = 6.1.1;
						TestTargetID = E21847191A4DE9BE007EA99E;
					};
				};
			};
			buildConfigurationList = E21847151A4DE9BE007EA99E /* Build configuration list for PBXProject "IOS8SwiftSceneKitTutorial" */;
			compatibilityVersion = "Xcode 3.2";
			developmentRegion = English;
			hasScannedForEncodings = 0;
			knownRegions = (
				en,
				Base,
			);
			mainGroup = E21847111A4DE9BE007EA99E;
			productRefGroup = E218471B1A4DE9BE007EA99E /* Products */;
			projectDirPath = "";
			projectRoot = "";
			targets = (
				E21847191A4DE9BE007EA99E /* IOS8SwiftSceneKitTutorial */,
				E21847301A4DE9BE007EA99E /* IOS8SwiftSceneKitTutorialTests */,
			);
		};
/* End PBXProject section */

/* Begin PBXResourcesBuildPhase section */
		E21847181A4DE9BE007EA99E /* Resources */ = {
			isa = PBXResourcesBuildPhase;
			buildActionMask = 2147483647;
			files = (
				E218472C1A4DE9BE007EA99E /* LaunchScreen.xib in Resources */,
				E21847291A4DE9BE007EA99E /* Images.xcassets in Resources */,
				E21847221A4DE9BE007EA99E /* art.scnassets in Resources */,
				E21847271A4DE9BE007EA99E /* Main.storyboard in Resources */,
			);
			runOnlyForDeploymentPostprocessing = 0;
		};
		E218472F1A4DE9BE007EA99E /* Resources */ = {
			isa = PBXResourcesBuildPhase;
			buildActionMask = 2147483647;
			files = (
			);
			runOnlyForDeploymentPostprocessing = 0;
		};
/* End PBXResourcesBuildPhase section */

/* Begin PBXSourcesBuildPhase section */
		E21847161A4DE9BE007EA99E /* Sources */ = {
			isa = PBXSourcesBuildPhase;
			buildActionMask = 2147483647;
			files = (
				E21847441A56DBD1007EA99E /* MyScene.swift in Sources */,
				E21847241A4DE9BE007EA99E /* GameViewController.swift in Sources */,
				E21847201A4DE9BE007EA99E /* AppDelegate.swift in Sources */,
			);
			runOnlyForDeploymentPostprocessing = 0;
		};
		E218472D1A4DE9BE007EA99E /* Sources */ = {
			isa = PBXSourcesBuildPhase;
			buildActionMask = 2147483647;
			files = (
				E21847381A4DE9BE007EA99E /* IOS8SwiftSceneKitTutorialTests.swift in Sources */,
			);
			runOnlyForDeploymentPostprocessing = 0;
		};
/* End PBXSourcesBuildPhase section */

/* Begin PBXTargetDependency section */
		E21847331A4DE9BE007EA99E /* PBXTargetDependency */ = {
			isa = PBXTargetDependency;
			target = E21847191A4DE9BE007EA99E /* IOS8SwiftSceneKitTutorial */;
			targetProxy = E21847321A4DE9BE007EA99E /* PBXContainerItemProxy */;
		};
/* End PBXTargetDependency section */

/* Begin PBXVariantGroup section */
		E21847251A4DE9BE007EA99E /* Main.storyboard */ = {
			isa = PBXVariantGroup;
			children = (
				E21847261A4DE9BE007EA99E /* Base */,
			);
			name = Main.storyboard;
			sourceTree = "<group>";
		};
		E218472A1A4DE9BE007EA99E /* LaunchScreen.xib */ = {
			isa = PBXVariantGroup;
			children = (
				E218472B1A4DE9BE007EA99E /* Base */,
			);
			name = LaunchScreen.xib;
			sourceTree = "<group>";
		};
/* End PBXVariantGroup section */

/* Begin XCBuildConfiguration section */
		E21847391A4DE9BE007EA99E /* Debug */ = {
			isa = XCBuildConfiguration;
			buildSettings = {
				ALWAYS_SEARCH_USER_PATHS = NO;
				CLANG_CXX_LANGUAGE_STANDARD = "gnu++0x";
				CLANG_CXX_LIBRARY = "libc++";
				CLANG_ENABLE_MODULES = YES;
				CLANG_ENABLE_OBJC_ARC = YES;
				CLANG_WARN_BOOL_CONVERSION = YES;
				CLANG_WARN_CONSTANT_CONVERSION = YES;
				CLANG_WARN_DIRECT_OBJC_ISA_USAGE = YES_ERROR;
				CLANG_WARN_EMPTY_BODY = YES;
				CLANG_WARN_ENUM_CONVERSION = YES;
				CLANG_WARN_INT_CONVERSION = YES;
				CLANG_WARN_OBJC_ROOT_CLASS = YES_ERROR;
				CLANG_WARN_UNREACHABLE_CODE = YES;
				CLANG_WARN__DUPLICATE_METHOD_MATCH = YES;
				"CODE_SIGN_IDENTITY[sdk=iphoneos*]" = "iPhone Developer";
				COPY_PHASE_STRIP = NO;
				ENABLE_STRICT_OBJC_MSGSEND = YES;
				GCC_C_LANGUAGE_STANDARD = gnu99;
				GCC_DYNAMIC_NO_PIC = NO;
				GCC_OPTIMIZATION_LEVEL = 0;
				GCC_PREPROCESSOR_DEFINITIONS = (
					"DEBUG=1",
					"$(inherited)",
				);
				GCC_SYMBOLS_PRIVATE_EXTERN = NO;
				GCC_WARN_64_TO_32_BIT_CONVERSION = YES;
				GCC_WARN_ABOUT_RETURN_TYPE = YES_ERROR;
				GCC_WARN_UNDECLARED_SELECTOR = YES;
				GCC_WARN_UNINITIALIZED_AUTOS = YES_AGGRESSIVE;
				GCC_WARN_UNUSED_FUNCTION = YES;
				GCC_WARN_UNUSED_VARIABLE = YES;
				IPHONEOS_DEPLOYMENT_TARGET = 8.1;
				MTL_ENABLE_DEBUG_INFO = YES;
				ONLY_ACTIVE_ARCH = YES;
				SDKROOT = iphoneos;
				SWIFT_OPTIMIZATION_LEVEL = "-Onone";
			};
			name = Debug;
		};
		E218473A1A4DE9BE007EA99E /* Release */ = {
			isa = XCBuildConfiguration;
			buildSettings = {
				ALWAYS_SEARCH_USER_PATHS = NO;
				CLANG_CXX_LANGUAGE_STANDARD = "gnu++0x";
				CLANG_CXX_LIBRARY = "libc++";
				CLANG_ENABLE_MODULES = YES;
				CLANG_ENABLE_OBJC_ARC = YES;
				CLANG_WARN_BOOL_CONVERSION = YES;
				CLANG_WARN_CONSTANT_CONVERSION = YES;
				CLANG_WARN_DIRECT_OBJC_ISA_USAGE = YES_ERROR;
				CLANG_WARN_EMPTY_BODY = YES;
				CLANG_WARN_ENUM_CONVERSION = YES;
				CLANG_WARN_INT_CONVERSION = YES;
				CLANG_WARN_OBJC_ROOT_CLASS = YES_ERROR;
				CLANG_WARN_UNREACHABLE_CODE = YES;
				CLANG_WARN__DUPLICATE_METHOD_MATCH = YES;
				"CODE_SIGN_IDENTITY[sdk=iphoneos*]" = "iPhone Developer";
				COPY_PHASE_STRIP = YES;
				ENABLE_NS_ASSERTIONS = NO;
				ENABLE_STRICT_OBJC_MSGSEND = YES;
				GCC_C_LANGUAGE_STANDARD = gnu99;
				GCC_WARN_64_TO_32_BIT_CONVERSION = YES;
				GCC_WARN_ABOUT_RETURN_TYPE = YES_ERROR;
				GCC_WARN_UNDECLARED_SELECTOR = YES;
				GCC_WARN_UNINITIALIZED_AUTOS = YES_AGGRESSIVE;
				GCC_WARN_UNUSED_FUNCTION = YES;
				GCC_WARN_UNUSED_VARIABLE = YES;
				IPHONEOS_DEPLOYMENT_TARGET = 8.1;
				MTL_ENABLE_DEBUG_INFO = NO;
				SDKROOT = iphoneos;
				VALIDATE_PRODUCT = YES;
			};
			name = Release;
		};
		E218473C1A4DE9BE007EA99E /* Debug */ = {
			isa = XCBuildConfiguration;
			buildSettings = {
				ASSETCATALOG_COMPILER_APPICON_NAME = AppIcon;
				INFOPLIST_FILE = IOS8SwiftSceneKitTutorial/Info.plist;
				LD_RUNPATH_SEARCH_PATHS = "$(inherited) @executable_path/Frameworks";
				PRODUCT_NAME = "$(TARGET_NAME)";
			};
			name = Debug;
		};
		E218473D1A4DE9BE007EA99E /* Release */ = {
			isa = XCBuildConfiguration;
			buildSettings = {
				ASSETCATALOG_COMPILER_APPICON_NAME = AppIcon;
				INFOPLIST_FILE = IOS8SwiftSceneKitTutorial/Info.plist;
				LD_RUNPATH_SEARCH_PATHS = "$(inherited) @executable_path/Frameworks";
				PRODUCT_NAME = "$(TARGET_NAME)";
			};
			name = Release;
		};
		E218473F1A4DE9BE007EA99E /* Debug */ = {
			isa = XCBuildConfiguration;
			buildSettings = {
				BUNDLE_LOADER = "$(TEST_HOST)";
				FRAMEWORK_SEARCH_PATHS = (
					"$(SDKROOT)/Developer/Library/Frameworks",
					"$(inherited)",
				);
				GCC_PREPROCESSOR_DEFINITIONS = (
					"DEBUG=1",
					"$(inherited)",
				);
				INFOPLIST_FILE = IOS8SwiftSceneKitTutorialTests/Info.plist;
				LD_RUNPATH_SEARCH_PATHS = "$(inherited) @executable_path/Frameworks @loader_path/Frameworks";
				PRODUCT_NAME = "$(TARGET_NAME)";
				TEST_HOST = "$(BUILT_PRODUCTS_DIR)/IOS8SwiftSceneKitTutorial.app/IOS8SwiftSceneKitTutorial";
			};
			name = Debug;
		};
		E21847401A4DE9BE007EA99E /* Release */ = {
			isa = XCBuildConfiguration;
			buildSettings = {
				BUNDLE_LOADER = "$(TEST_HOST)";
				FRAMEWORK_SEARCH_PATHS = (
					"$(SDKROOT)/Developer/Library/Frameworks",
					"$(inherited)",
				);
				INFOPLIST_FILE = IOS8SwiftSceneKitTutorialTests/Info.plist;
				LD_RUNPATH_SEARCH_PATHS = "$(inherited) @executable_path/Frameworks @loader_path/Frameworks";
				PRODUCT_NAME = "$(TARGET_NAME)";
				TEST_HOST = "$(BUILT_PRODUCTS_DIR)/IOS8SwiftSceneKitTutorial.app/IOS8SwiftSceneKitTutorial";
			};
			name = Release;
		};
/* End XCBuildConfiguration section */

/* Begin XCConfigurationList section */
		E21847151A4DE9BE007EA99E /* Build configuration list for PBXProject "IOS8SwiftSceneKitTutorial" */ = {
			isa = XCConfigurationList;
			buildConfigurations = (
				E21847391A4DE9BE007EA99E /* Debug */,
				E218473A1A4DE9BE007EA99E /* Release */,
			);
			defaultConfigurationIsVisible = 0;
			defaultConfigurationName = Release;
		};
		E218473B1A4DE9BE007EA99E /* Build configuration list for PBXNativeTarget "IOS8SwiftSceneKitTutorial" */ = {
			isa = XCConfigurationList;
			buildConfigurations = (
				E218473C1A4DE9BE007EA99E /* Debug */,
				E218473D1A4DE9BE007EA99E /* Release */,
			);
			defaultConfigurationIsVisible = 0;
		};
		E218473E1A4DE9BE007EA99E /* Build configuration list for PBXNativeTarget "IOS8SwiftSceneKitTutorialTests" */ = {
			isa = XCConfigurationList;
			buildConfigurations = (
				E218473F1A4DE9BE007EA99E /* Debug */,
				E21847401A4DE9BE007EA99E /* Release */,
			);
			defaultConfigurationIsVisible = 0;
		};
/* End XCConfigurationList section */
	};
	rootObject = E21847121A4DE9BE007EA99E /* Project object */;
}
