// !$*UTF8*$!
{
	archiveVersion = 1;
	classes = {
	};
	objectVersion = 46;
	objects = {

/* Begin PBXBuildFile section */
		E2B1F30C1A36300400B6B417 /* AppDelegate.swift in Sources */ = {isa = PBXBuildFile; fileRef = E2B1F30B1A36300400B6B417 /* AppDelegate.swift */; };
		E2B1F3111A36300400B6B417 /* Main.storyboard in Resources */ = {isa = PBXBuildFile; fileRef = E2B1F30F1A36300400B6B417 /* Main.storyboard */; };
		E2B1F3131A36300400B6B417 /* Images.xcassets in Resources */ = {isa = PBXBuildFile; fileRef = E2B1F3121A36300400B6B417 /* Images.xcassets */; };
		E2B1F3161A36300400B6B417 /* LaunchScreen.xib in Resources */ = {isa = PBXBuildFile; fileRef = E2B1F3141A36300400B6B417 /* LaunchScreen.xib */; };
		E2B1F3221A36300400B6B417 /* IOS8SwiftHeaderFooterTutorialTests.swift in Sources */ = {isa = PBXBuildFile; fileRef = E2B1F3211A36300400B6B417 /* IOS8SwiftHeaderFooterTutorialTests.swift */; };
		E2B1F32E1A37234400B6B417 /* TableViewController.swift in Sources */ = {isa = PBXBuildFile; fileRef = E2B1F32D1A37234400B6B417 /* TableViewController.swift */; };
		E2B1F3301A37462600B6B417 /* CustomHeaderCell.swift in Sources */ = {isa = PBXBuildFile; fileRef = E2B1F32F1A37462600B6B417 /* CustomHeaderCell.swift */; };
/* End PBXBuildFile section */

/* Begin PBXContainerItemProxy section */
		E2B1F31C1A36300400B6B417 /* PBXContainerItemProxy */ = {
			isa = PBXContainerItemProxy;
			containerPortal = E2B1F2FE1A36300400B6B417 /* Project object */;
			proxyType = 1;
			remoteGlobalIDString = E2B1F3051A36300400B6B417;
			remoteInfo = IOS8SwiftHeaderFooterTutorial;
		};
/* End PBXContainerItemProxy section */

/* Begin PBXFileReference section */
		E2B1F3061A36300400B6B417 /* IOS8SwiftHeaderFooterTutorial.app */ = {isa = PBXFileReference; explicitFileType = wrapper.application; includeInIndex = 0; path = IOS8SwiftHeaderFooterTutorial.app; sourceTree = BUILT_PRODUCTS_DIR; };
		E2B1F30A1A36300400B6B417 /* Info.plist */ = {isa = PBXFileReference; lastKnownFileType = text.plist.xml; path = Info.plist; sourceTree = "<group>"; };
		E2B1F30B1A36300400B6B417 /* AppDelegate.swift */ = {isa = PBXFileReference; lastKnownFileType = sourcecode.swift; path = AppDelegate.swift; sourceTree = "<group>"; };
		E2B1F3101A36300400B6B417 /* Base */ = {isa = PBXFileReference; lastKnownFileType = file.storyboard; name = Base; path = Base.lproj/Main.storyboard; sourceTree = "<group>"; };
		E2B1F3121A36300400B6B417 /* Images.xcassets */ = {isa = PBXFileReference; lastKnownFileType = folder.assetcatalog; path = Images.xcassets; sourceTree = "<group>"; };
		E2B1F3151A36300400B6B417 /* Base */ = {isa = PBXFileReference; lastKnownFileType = file.xib; name = Base; path = Base.lproj/LaunchScreen.xib; sourceTree = "<group>"; };
		E2B1F31B1A36300400B6B417 /* IOS8SwiftHeaderFooterTutorialTests.xctest */ = {isa = PBXFileReference; explicitFileType = wrapper.cfbundle; includeInIndex = 0; path = IOS8SwiftHeaderFooterTutorialTests.xctest; sourceTree = BUILT_PRODUCTS_DIR; };
		E2B1F3201A36300400B6B417 /* Info.plist */ = {isa = PBXFileReference; lastKnownFileType = text.plist.xml; path = Info.plist; sourceTree = "<group>"; };
		E2B1F3211A36300400B6B417 /* IOS8SwiftHeaderFooterTutorialTests.swift */ = {isa = PBXFileReference; lastKnownFileType = sourcecode.swift; path = IOS8SwiftHeaderFooterTutorialTests.swift; sourceTree = "<group>"; };
		E2B1F32D1A37234400B6B417 /* TableViewController.swift */ = {isa = PBXFileReference; fileEncoding = 4; lastKnownFileType = sourcecode.swift; path = TableViewController.swift; sourceTree = "<group>"; };
		E2B1F32F1A37462600B6B417 /* CustomHeaderCell.swift */ = {isa = PBXFileReference; fileEncoding = 4; lastKnownFileType = sourcecode.swift; path = CustomHeaderCell.swift; sourceTree = "<group>"; };
/* End PBXFileReference section */

/* Begin PBXFrameworksBuildPhase section */
		E2B1F3031A36300400B6B417 /* Frameworks */ = {
			isa = PBXFrameworksBuildPhase;
			buildActionMask = 2147483647;
			files = (
			);
			runOnlyForDeploymentPostprocessing = 0;
		};
		E2B1F3181A36300400B6B417 /* Frameworks */ = {
			isa = PBXFrameworksBuildPhase;
			buildActionMask = 2147483647;
			files = (
			);
			runOnlyForDeploymentPostprocessing = 0;
		};
/* End PBXFrameworksBuildPhase section */

/* Begin PBXGroup section */
		E2B1F2FD1A36300400B6B417 = {
			isa = PBXGroup;
			children = (
				E2B1F3081A36300400B6B417 /* IOS8SwiftHeaderFooterTutorial */,
				E2B1F31E1A36300400B6B417 /* IOS8SwiftHeaderFooterTutorialTests */,
				E2B1F3071A36300400B6B417 /* Products */,
			);
			sourceTree = "<group>";
		};
		E2B1F3071A36300400B6B417 /* Products */ = {
			isa = PBXGroup;
			children = (
				E2B1F3061A36300400B6B417 /* IOS8SwiftHeaderFooterTutorial.app */,
				E2B1F31B1A36300400B6B417 /* IOS8SwiftHeaderFooterTutorialTests.xctest */,
			);
			name = Products;
			sourceTree = "<group>";
		};
		E2B1F3081A36300400B6B417 /* IOS8SwiftHeaderFooterTutorial */ = {
			isa = PBXGroup;
			children = (
				E2B1F30B1A36300400B6B417 /* AppDelegate.swift */,
				E2B1F32D1A37234400B6B417 /* TableViewController.swift */,
				E2B1F32F1A37462600B6B417 /* CustomHeaderCell.swift */,
				E2B1F30F1A36300400B6B417 /* Main.storyboard */,
				E2B1F3121A36300400B6B417 /* Images.xcassets */,
				E2B1F3141A36300400B6B417 /* LaunchScreen.xib */,
				E2B1F3091A36300400B6B417 /* Supporting Files */,
			);
			path = IOS8SwiftHeaderFooterTutorial;
			sourceTree = "<group>";
		};
		E2B1F3091A36300400B6B417 /* Supporting Files */ = {
			isa = PBXGroup;
			children = (
				E2B1F30A1A36300400B6B417 /* Info.plist */,
			);
			name = "Supporting Files";
			sourceTree = "<group>";
		};
		E2B1F31E1A36300400B6B417 /* IOS8SwiftHeaderFooterTutorialTests */ = {
			isa = PBXGroup;
			children = (
				E2B1F3211A36300400B6B417 /* IOS8SwiftHeaderFooterTutorialTests.swift */,
				E2B1F31F1A36300400B6B417 /* Supporting Files */,
			);
			path = IOS8SwiftHeaderFooterTutorialTests;
			sourceTree = "<group>";
		};
		E2B1F31F1A36300400B6B417 /* Supporting Files */ = {
			isa = PBXGroup;
			children = (
				E2B1F3201A36300400B6B417 /* Info.plist */,
			);
			name = "Supporting Files";
			sourceTree = "<group>";
		};
/* End PBXGroup section */

/* Begin PBXNativeTarget section */
		E2B1F3051A36300400B6B417 /* IOS8SwiftHeaderFooterTutorial */ = {
			isa = PBXNativeTarget;
			buildConfigurationList = E2B1F3251A36300400B6B417 /* Build configuration list for PBXNativeTarget "IOS8SwiftHeaderFooterTutorial" */;
			buildPhases = (
				E2B1F3021A36300400B6B417 /* Sources */,
				E2B1F3031A36300400B6B417 /* Frameworks */,
				E2B1F3041A36300400B6B417 /* Resources */,
			);
			buildRules = (
			);
			dependencies = (
			);
			name = IOS8SwiftHeaderFooterTutorial;
			productName = IOS8SwiftHeaderFooterTutorial;
			productReference = E2B1F3061A36300400B6B417 /* IOS8SwiftHeaderFooterTutorial.app */;
			productType = "com.apple.product-type.application";
		};
		E2B1F31A1A36300400B6B417 /* IOS8SwiftHeaderFooterTutorialTests */ = {
			isa = PBXNativeTarget;
			buildConfigurationList = E2B1F3281A36300400B6B417 /* Build configuration list for PBXNativeTarget "IOS8SwiftHeaderFooterTutorialTests" */;
			buildPhases = (
				E2B1F3171A36300400B6B417 /* Sources */,
				E2B1F3181A36300400B6B417 /* Frameworks */,
				E2B1F3191A36300400B6B417 /* Resources */,
			);
			buildRules = (
			);
			dependencies = (
				E2B1F31D1A36300400B6B417 /* PBXTargetDependency */,
			);
			name = IOS8SwiftHeaderFooterTutorialTests;
			productName = IOS8SwiftHeaderFooterTutorialTests;
			productReference = E2B1F31B1A36300400B6B417 /* IOS8SwiftHeaderFooterTutorialTests.xctest */;
			productType = "com.apple.product-type.bundle.unit-test";
		};
/* End PBXNativeTarget section */

/* Begin PBXProject section */
		E2B1F2FE1A36300400B6B417 /* Project object */ = {
			isa = PBXProject;
			attributes = {
				LastUpgradeCheck = 0610;
				ORGANIZATIONNAME = "Arthur Knopper";
				TargetAttributes = {
					E2B1F3051A36300400B6B417 = {
						CreatedOnToolsVersion = 6.1.1;
					};
					E2B1F31A1A36300400B6B417 = {
						CreatedOnToolsVersion = 6.1.1;
						TestTargetID = E2B1F3051A36300400B6B417;
					};
				};
			};
			buildConfigurationList = E2B1F3011A36300400B6B417 /* Build configuration list for PBXProject "IOS8SwiftHeaderFooterTutorial" */;
			compatibilityVersion = "Xcode 3.2";
			developmentRegion = English;
			hasScannedForEncodings = 0;
			knownRegions = (
				en,
				Base,
			);
			mainGroup = E2B1F2FD1A36300400B6B417;
			productRefGroup = E2B1F3071A36300400B6B417 /* Products */;
			projectDirPath = "";
			projectRoot = "";
			targets = (
				E2B1F3051A36300400B6B417 /* IOS8SwiftHeaderFooterTutorial */,
				E2B1F31A1A36300400B6B417 /* IOS8SwiftHeaderFooterTutorialTests */,
			);
		};
/* End PBXProject section */

/* Begin PBXResourcesBuildPhase section */
		E2B1F3041A36300400B6B417 /* Resources */ = {
			isa = PBXResourcesBuildPhase;
			buildActionMask = 2147483647;
			files = (
				E2B1F3111A36300400B6B417 /* Main.storyboard in Resources */,
				E2B1F3161A36300400B6B417 /* LaunchScreen.xib in Resources */,
				E2B1F3131A36300400B6B417 /* Images.xcassets in Resources */,
			);
			runOnlyForDeploymentPostprocessing = 0;
		};
		E2B1F3191A36300400B6B417 /* Resources */ = {
			isa = PBXResourcesBuildPhase;
			buildActionMask = 2147483647;
			files = (
			);
			runOnlyForDeploymentPostprocessing = 0;
		};
/* End PBXResourcesBuildPhase section */

/* Begin PBXSourcesBuildPhase section */
		E2B1F3021A36300400B6B417 /* Sources */ = {
			isa = PBXSourcesBuildPhase;
			buildActionMask = 2147483647;
			files = (
				E2B1F30C1A36300400B6B417 /* AppDelegate.swift in Sources */,
				E2B1F3301A37462600B6B417 /* CustomHeaderCell.swift in Sources */,
				E2B1F32E1A37234400B6B417 /* TableViewController.swift in Sources */,
			);
			runOnlyForDeploymentPostprocessing = 0;
		};
		E2B1F3171A36300400B6B417 /* Sources */ = {
			isa = PBXSourcesBuildPhase;
			buildActionMask = 2147483647;
			files = (
				E2B1F3221A36300400B6B417 /* IOS8SwiftHeaderFooterTutorialTests.swift in Sources */,
			);
			runOnlyForDeploymentPostprocessing = 0;
		};
/* End PBXSourcesBuildPhase section */

/* Begin PBXTargetDependency section */
		E2B1F31D1A36300400B6B417 /* PBXTargetDependency */ = {
			isa = PBXTargetDependency;
			target = E2B1F3051A36300400B6B417 /* IOS8SwiftHeaderFooterTutorial */;
			targetProxy = E2B1F31C1A36300400B6B417 /* PBXContainerItemProxy */;
		};
/* End PBXTargetDependency section */

/* Begin PBXVariantGroup section */
		E2B1F30F1A36300400B6B417 /* Main.storyboard */ = {
			isa = PBXVariantGroup;
			children = (
				E2B1F3101A36300400B6B417 /* Base */,
			);
			name = Main.storyboard;
			sourceTree = "<group>";
		};
		E2B1F3141A36300400B6B417 /* LaunchScreen.xib */ = {
			isa = PBXVariantGroup;
			children = (
				E2B1F3151A36300400B6B417 /* Base */,
			);
			name = LaunchScreen.xib;
			sourceTree = "<group>";
		};
/* End PBXVariantGroup section */

/* Begin XCBuildConfiguration section */
		E2B1F3231A36300400B6B417 /* Debug */ = {
			isa = XCBuildConfiguration;
			buildSettings = {
				ALWAYS_SEARCH_USER_PATHS = NO;
				CLANG_CXX_LANGUAGE_STANDARD = "gnu++0x";
				CLANG_CXX_LIBRARY = "libc++";
				CLANG_ENABLE_MODULES = YES;
				CLANG_ENABLE_OBJC_ARC = YES;
				CLANG_WARN_BOOL_CONVERSION = YES;
				CLANG_WARN_CONSTANT_CONVERSION = YES;
				CLANG_WARN_DIRECT_OBJC_ISA_USAGE = YES_ERROR;
				CLANG_WARN_EMPTY_BODY = YES;
				CLANG_WARN_ENUM_CONVERSION = YES;
				CLANG_WARN_INT_CONVERSION = YES;
				CLANG_WARN_OBJC_ROOT_CLASS = YES_ERROR;
				CLANG_WARN_UNREACHABLE_CODE = YES;
				CLANG_WARN__DUPLICATE_METHOD_MATCH = YES;
				"CODE_SIGN_IDENTITY[sdk=iphoneos*]" = "iPhone Developer";
				COPY_PHASE_STRIP = NO;
				ENABLE_STRICT_OBJC_MSGSEND = YES;
				GCC_C_LANGUAGE_STANDARD = gnu99;
				GCC_DYNAMIC_NO_PIC = NO;
				GCC_OPTIMIZATION_LEVEL = 0;
				GCC_PREPROCESSOR_DEFINITIONS = (
					"DEBUG=1",
					"$(inherited)",
				);
				GCC_SYMBOLS_PRIVATE_EXTERN = NO;
				GCC_WARN_64_TO_32_BIT_CONVERSION = YES;
				GCC_WARN_ABOUT_RETURN_TYPE = YES_ERROR;
				GCC_WARN_UNDECLARED_SELECTOR = YES;
				GCC_WARN_UNINITIALIZED_AUTOS = YES_AGGRESSIVE;
				GCC_WARN_UNUSED_FUNCTION = YES;
				GCC_WARN_UNUSED_VARIABLE = YES;
				IPHONEOS_DEPLOYMENT_TARGET = 8.1;
				MTL_ENABLE_DEBUG_INFO = YES;
				ONLY_ACTIVE_ARCH = YES;
				SDKROOT = iphoneos;
				SWIFT_OPTIMIZATION_LEVEL = "-Onone";
			};
			name = Debug;
		};
		E2B1F3241A36300400B6B417 /* Release */ = {
			isa = XCBuildConfiguration;
			buildSettings = {
				ALWAYS_SEARCH_USER_PATHS = NO;
				CLANG_CXX_LANGUAGE_STANDARD = "gnu++0x";
				CLANG_CXX_LIBRARY = "libc++";
				CLANG_ENABLE_MODULES = YES;
				CLANG_ENABLE_OBJC_ARC = YES;
				CLANG_WARN_BOOL_CONVERSION = YES;
				CLANG_WARN_CONSTANT_CONVERSION = YES;
				CLANG_WARN_DIRECT_OBJC_ISA_USAGE = YES_ERROR;
				CLANG_WARN_EMPTY_BODY = YES;
				CLANG_WARN_ENUM_CONVERSION = YES;
				CLANG_WARN_INT_CONVERSION = YES;
				CLANG_WARN_OBJC_ROOT_CLASS = YES_ERROR;
				CLANG_WARN_UNREACHABLE_CODE = YES;
				CLANG_WARN__DUPLICATE_METHOD_MATCH = YES;
				"CODE_SIGN_IDENTITY[sdk=iphoneos*]" = "iPhone Developer";
				COPY_PHASE_STRIP = YES;
				ENABLE_NS_ASSERTIONS = NO;
				ENABLE_STRICT_OBJC_MSGSEND = YES;
				GCC_C_LANGUAGE_STANDARD = gnu99;
				GCC_WARN_64_TO_32_BIT_CONVERSION = YES;
				GCC_WARN_ABOUT_RETURN_TYPE = YES_ERROR;
				GCC_WARN_UNDECLARED_SELECTOR = YES;
				GCC_WARN_UNINITIALIZED_AUTOS = YES_AGGRESSIVE;
				GCC_WARN_UNUSED_FUNCTION = YES;
				GCC_WARN_UNUSED_VARIABLE = YES;
				IPHONEOS_DEPLOYMENT_TARGET = 8.1;
				MTL_ENABLE_DEBUG_INFO = NO;
				SDKROOT = iphoneos;
				VALIDATE_PRODUCT = YES;
			};
			name = Release;
		};
		E2B1F3261A36300400B6B417 /* Debug */ = {
			isa = XCBuildConfiguration;
			buildSettings = {
				ASSETCATALOG_COMPILER_APPICON_NAME = AppIcon;
				INFOPLIST_FILE = IOS8SwiftHeaderFooterTutorial/Info.plist;
				LD_RUNPATH_SEARCH_PATHS = "$(inherited) @executable_path/Frameworks";
				PRODUCT_NAME = "$(TARGET_NAME)";
			};
			name = Debug;
		};
		E2B1F3271A36300400B6B417 /* Release */ = {
			isa = XCBuildConfiguration;
			buildSettings = {
				ASSETCATALOG_COMPILER_APPICON_NAME = AppIcon;
				INFOPLIST_FILE = IOS8SwiftHeaderFooterTutorial/Info.plist;
				LD_RUNPATH_SEARCH_PATHS = "$(inherited) @executable_path/Frameworks";
				PRODUCT_NAME = "$(TARGET_NAME)";
			};
			name = Release;
		};
		E2B1F3291A36300400B6B417 /* Debug */ = {
			isa = XCBuildConfiguration;
			buildSettings = {
				BUNDLE_LOADER = "$(TEST_HOST)";
				FRAMEWORK_SEARCH_PATHS = (
					"$(SDKROOT)/Developer/Library/Frameworks",
					"$(inherited)",
				);
				GCC_PREPROCESSOR_DEFINITIONS = (
					"DEBUG=1",
					"$(inherited)",
				);
				INFOPLIST_FILE = IOS8SwiftHeaderFooterTutorialTests/Info.plist;
				LD_RUNPATH_SEARCH_PATHS = "$(inherited) @executable_path/Frameworks @loader_path/Frameworks";
				PRODUCT_NAME = "$(TARGET_NAME)";
				TEST_HOST = "$(BUILT_PRODUCTS_DIR)/IOS8SwiftHeaderFooterTutorial.app/IOS8SwiftHeaderFooterTutorial";
			};
			name = Debug;
		};
		E2B1F32A1A36300400B6B417 /* Release */ = {
			isa = XCBuildConfiguration;
			buildSettings = {
				BUNDLE_LOADER = "$(TEST_HOST)";
				FRAMEWORK_SEARCH_PATHS = (
					"$(SDKROOT)/Developer/Library/Frameworks",
					"$(inherited)",
				);
				INFOPLIST_FILE = IOS8SwiftHeaderFooterTutorialTests/Info.plist;
				LD_RUNPATH_SEARCH_PATHS = "$(inherited) @executable_path/Frameworks @loader_path/Frameworks";
				PRODUCT_NAME = "$(TARGET_NAME)";
				TEST_HOST = "$(BUILT_PRODUCTS_DIR)/IOS8SwiftHeaderFooterTutorial.app/IOS8SwiftHeaderFooterTutorial";
			};
			name = Release;
		};
/* End XCBuildConfiguration section */

/* Begin XCConfigurationList section */
		E2B1F3011A36300400B6B417 /* Build configuration list for PBXProject "IOS8SwiftHeaderFooterTutorial" */ = {
			isa = XCConfigurationList;
			buildConfigurations = (
				E2B1F3231A36300400B6B417 /* Debug */,
				E2B1F3241A36300400B6B417 /* Release */,
			);
			defaultConfigurationIsVisible = 0;
			defaultConfigurationName = Release;
		};
		E2B1F3251A36300400B6B417 /* Build configuration list for PBXNativeTarget "IOS8SwiftHeaderFooterTutorial" */ = {
			isa = XCConfigurationList;
			buildConfigurations = (
				E2B1F3261A36300400B6B417 /* Debug */,
				E2B1F3271A36300400B6B417 /* Release */,
			);
			defaultConfigurationIsVisible = 0;
		};
		E2B1F3281A36300400B6B417 /* Build configuration list for PBXNativeTarget "IOS8SwiftHeaderFooterTutorialTests" */ = {
			isa = XCConfigurationList;
			buildConfigurations = (
				E2B1F3291A36300400B6B417 /* Debug */,
				E2B1F32A1A36300400B6B417 /* Release */,
			);
			defaultConfigurationIsVisible = 0;
		};
/* End XCConfigurationList section */
	};
	rootObject = E2B1F2FE1A36300400B6B417 /* Project object */;
}
