// !$*UTF8*$!
{
	archiveVersion = 1;
	classes = {
	};
	objectVersion = 46;
	objects = {

/* Begin PBXBuildFile section */
		E2AB7B0E1C60E26D0012CAB9 /* AppDelegate.swift in Sources */ = {isa = PBXBuildFile; fileRef = E2AB7B0D1C60E26D0012CAB9 /* AppDelegate.swift */; };
		E2AB7B101C60E26D0012CAB9 /* ViewController.swift in Sources */ = {isa = PBXBuildFile; fileRef = E2AB7B0F1C60E26D0012CAB9 /* ViewController.swift */; };
		E2AB7B131C60E26D0012CAB9 /* Main.storyboard in Resources */ = {isa = PBXBuildFile; fileRef = E2AB7B111C60E26D0012CAB9 /* Main.storyboard */; };
		E2AB7B151C60E26D0012CAB9 /* Assets.xcassets in Resources */ = {isa = PBXBuildFile; fileRef = E2AB7B141C60E26D0012CAB9 /* Assets.xcassets */; };
		E2AB7B181C60E26D0012CAB9 /* LaunchScreen.storyboard in Resources */ = {isa = PBXBuildFile; fileRef = E2AB7B161C60E26D0012CAB9 /* LaunchScreen.storyboard */; };
		E2AB7B231C60E26E0012CAB9 /* IOS9MultipleOutletsTutorialTests.swift in Sources */ = {isa = PBXBuildFile; fileRef = E2AB7B221C60E26E0012CAB9 /* IOS9MultipleOutletsTutorialTests.swift */; };
		E2AB7B2E1C60E26E0012CAB9 /* IOS9MultipleOutletsTutorialUITests.swift in Sources */ = {isa = PBXBuildFile; fileRef = E2AB7B2D1C60E26E0012CAB9 /* IOS9MultipleOutletsTutorialUITests.swift */; };
/* End PBXBuildFile section */

/* Begin PBXContainerItemProxy section */
		E2AB7B1F1C60E26E0012CAB9 /* PBXContainerItemProxy */ = {
			isa = PBXContainerItemProxy;
			containerPortal = E2AB7B021C60E26C0012CAB9 /* Project object */;
			proxyType = 1;
			remoteGlobalIDString = E2AB7B091C60E26C0012CAB9;
			remoteInfo = IOS9MultipleOutletsTutorial;
		};
		E2AB7B2A1C60E26E0012CAB9 /* PBXContainerItemProxy */ = {
			isa = PBXContainerItemProxy;
			containerPortal = E2AB7B021C60E26C0012CAB9 /* Project object */;
			proxyType = 1;
			remoteGlobalIDString = E2AB7B091C60E26C0012CAB9;
			remoteInfo = IOS9MultipleOutletsTutorial;
		};
/* End PBXContainerItemProxy section */

/* Begin PBXFileReference section */
		E2AB7B0A1C60E26C0012CAB9 /* IOS9MultipleOutletsTutorial.app */ = {isa = PBXFileReference; explicitFileType = wrapper.application; includeInIndex = 0; path = IOS9MultipleOutletsTutorial.app; sourceTree = BUILT_PRODUCTS_DIR; };
		E2AB7B0D1C60E26D0012CAB9 /* AppDelegate.swift */ = {isa = PBXFileReference; lastKnownFileType = sourcecode.swift; path = AppDelegate.swift; sourceTree = "<group>"; };
		E2AB7B0F1C60E26D0012CAB9 /* ViewController.swift */ = {isa = PBXFileReference; lastKnownFileType = sourcecode.swift; path = ViewController.swift; sourceTree = "<group>"; };
		E2AB7B121C60E26D0012CAB9 /* Base */ = {isa = PBXFileReference; lastKnownFileType = file.storyboard; name = Base; path = Base.lproj/Main.storyboard; sourceTree = "<group>"; };
		E2AB7B141C60E26D0012CAB9 /* Assets.xcassets */ = {isa = PBXFileReference; lastKnownFileType = folder.assetcatalog; path = Assets.xcassets; sourceTree = "<group>"; };
		E2AB7B171C60E26D0012CAB9 /* Base */ = {isa = PBXFileReference; lastKnownFileType = file.storyboard; name = Base; path = Base.lproj/LaunchScreen.storyboard; sourceTree = "<group>"; };
		E2AB7B191C60E26D0012CAB9 /* Info.plist */ = {isa = PBXFileReference; lastKnownFileType = text.plist.xml; path = Info.plist; sourceTree = "<group>"; };
		E2AB7B1E1C60E26E0012CAB9 /* IOS9MultipleOutletsTutorialTests.xctest */ = {isa = PBXFileReference; explicitFileType = wrapper.cfbundle; includeInIndex = 0; path = IOS9MultipleOutletsTutorialTests.xctest; sourceTree = BUILT_PRODUCTS_DIR; };
		E2AB7B221C60E26E0012CAB9 /* IOS9MultipleOutletsTutorialTests.swift */ = {isa = PBXFileReference; lastKnownFileType = sourcecode.swift; path = IOS9MultipleOutletsTutorialTests.swift; sourceTree = "<group>"; };
		E2AB7B241C60E26E0012CAB9 /* Info.plist */ = {isa = PBXFileReference; lastKnownFileType = text.plist.xml; path = Info.plist; sourceTree = "<group>"; };
		E2AB7B291C60E26E0012CAB9 /* IOS9MultipleOutletsTutorialUITests.xctest */ = {isa = PBXFileReference; explicitFileType = wrapper.cfbundle; includeInIndex = 0; path = IOS9MultipleOutletsTutorialUITests.xctest; sourceTree = BUILT_PRODUCTS_DIR; };
		E2AB7B2D1C60E26E0012CAB9 /* IOS9MultipleOutletsTutorialUITests.swift */ = {isa = PBXFileReference; lastKnownFileType = sourcecode.swift; path = IOS9MultipleOutletsTutorialUITests.swift; sourceTree = "<group>"; };
		E2AB7B2F1C60E26E0012CAB9 /* Info.plist */ = {isa = PBXFileReference; lastKnownFileType = text.plist.xml; path = Info.plist; sourceTree = "<group>"; };
/* End PBXFileReference section */

/* Begin PBXFrameworksBuildPhase section */
		E2AB7B071C60E26C0012CAB9 /* Frameworks */ = {
			isa = PBXFrameworksBuildPhase;
			buildActionMask = 2147483647;
			files = (
			);
			runOnlyForDeploymentPostprocessing = 0;
		};
		E2AB7B1B1C60E26E0012CAB9 /* Frameworks */ = {
			isa = PBXFrameworksBuildPhase;
			buildActionMask = 2147483647;
			files = (
			);
			runOnlyForDeploymentPostprocessing = 0;
		};
		E2AB7B261C60E26E0012CAB9 /* Frameworks */ = {
			isa = PBXFrameworksBuildPhase;
			buildActionMask = 2147483647;
			files = (
			);
			runOnlyForDeploymentPostprocessing = 0;
		};
/* End PBXFrameworksBuildPhase section */

/* Begin PBXGroup section */
		E2AB7B011C60E26B0012CAB9 = {
			isa = PBXGroup;
			children = (
				E2AB7B0C1C60E26D0012CAB9 /* IOS9MultipleOutletsTutorial */,
				E2AB7B211C60E26E0012CAB9 /* IOS9MultipleOutletsTutorialTests */,
				E2AB7B2C1C60E26E0012CAB9 /* IOS9MultipleOutletsTutorialUITests */,
				E2AB7B0B1C60E26C0012CAB9 /* Products */,
			);
			sourceTree = "<group>";
		};
		E2AB7B0B1C60E26C0012CAB9 /* Products */ = {
			isa = PBXGroup;
			children = (
				E2AB7B0A1C60E26C0012CAB9 /* IOS9MultipleOutletsTutorial.app */,
				E2AB7B1E1C60E26E0012CAB9 /* IOS9MultipleOutletsTutorialTests.xctest */,
				E2AB7B291C60E26E0012CAB9 /* IOS9MultipleOutletsTutorialUITests.xctest */,
			);
			name = Products;
			sourceTree = "<group>";
		};
		E2AB7B0C1C60E26D0012CAB9 /* IOS9MultipleOutletsTutorial */ = {
			isa = PBXGroup;
			children = (
				E2AB7B0D1C60E26D0012CAB9 /* AppDelegate.swift */,
				E2AB7B0F1C60E26D0012CAB9 /* ViewController.swift */,
				E2AB7B111C60E26D0012CAB9 /* Main.storyboard */,
				E2AB7B141C60E26D0012CAB9 /* Assets.xcassets */,
				E2AB7B161C60E26D0012CAB9 /* LaunchScreen.storyboard */,
				E2AB7B191C60E26D0012CAB9 /* Info.plist */,
			);
			path = IOS9MultipleOutletsTutorial;
			sourceTree = "<group>";
		};
		E2AB7B211C60E26E0012CAB9 /* IOS9MultipleOutletsTutorialTests */ = {
			isa = PBXGroup;
			children = (
				E2AB7B221C60E26E0012CAB9 /* IOS9MultipleOutletsTutorialTests.swift */,
				E2AB7B241C60E26E0012CAB9 /* Info.plist */,
			);
			path = IOS9MultipleOutletsTutorialTests;
			sourceTree = "<group>";
		};
		E2AB7B2C1C60E26E0012CAB9 /* IOS9MultipleOutletsTutorialUITests */ = {
			isa = PBXGroup;
			children = (
				E2AB7B2D1C60E26E0012CAB9 /* IOS9MultipleOutletsTutorialUITests.swift */,
				E2AB7B2F1C60E26E0012CAB9 /* Info.plist */,
			);
			path = IOS9MultipleOutletsTutorialUITests;
			sourceTree = "<group>";
		};
/* End PBXGroup section */

/* Begin PBXNativeTarget section */
		E2AB7B091C60E26C0012CAB9 /* IOS9MultipleOutletsTutorial */ = {
			isa = PBXNativeTarget;
			buildConfigurationList = E2AB7B321C60E26E0012CAB9 /* Build configuration list for PBXNativeTarget "IOS9MultipleOutletsTutorial" */;
			buildPhases = (
				E2AB7B061C60E26C0012CAB9 /* Sources */,
				E2AB7B071C60E26C0012CAB9 /* Frameworks */,
				E2AB7B081C60E26C0012CAB9 /* Resources */,
			);
			buildRules = (
			);
			dependencies = (
			);
			name = IOS9MultipleOutletsTutorial;
			productName = IOS9MultipleOutletsTutorial;
			productReference = E2AB7B0A1C60E26C0012CAB9 /* IOS9MultipleOutletsTutorial.app */;
			productType = "com.apple.product-type.application";
		};
		E2AB7B1D1C60E26E0012CAB9 /* IOS9MultipleOutletsTutorialTests */ = {
			isa = PBXNativeTarget;
			buildConfigurationList = E2AB7B351C60E26E0012CAB9 /* Build configuration list for PBXNativeTarget "IOS9MultipleOutletsTutorialTests" */;
			buildPhases = (
				E2AB7B1A1C60E26E0012CAB9 /* Sources */,
				E2AB7B1B1C60E26E0012CAB9 /* Frameworks */,
				E2AB7B1C1C60E26E0012CAB9 /* Resources */,
			);
			buildRules = (
			);
			dependencies = (
				E2AB7B201C60E26E0012CAB9 /* PBXTargetDependency */,
			);
			name = IOS9MultipleOutletsTutorialTests;
			productName = IOS9MultipleOutletsTutorialTests;
			productReference = E2AB7B1E1C60E26E0012CAB9 /* IOS9MultipleOutletsTutorialTests.xctest */;
			productType = "com.apple.product-type.bundle.unit-test";
		};
		E2AB7B281C60E26E0012CAB9 /* IOS9MultipleOutletsTutorialUITests */ = {
			isa = PBXNativeTarget;
			buildConfigurationList = E2AB7B381C60E26E0012CAB9 /* Build configuration list for PBXNativeTarget "IOS9MultipleOutletsTutorialUITests" */;
			buildPhases = (
				E2AB7B251C60E26E0012CAB9 /* Sources */,
				E2AB7B261C60E26E0012CAB9 /* Frameworks */,
				E2AB7B271C60E26E0012CAB9 /* Resources */,
			);
			buildRules = (
			);
			dependencies = (
				E2AB7B2B1C60E26E0012CAB9 /* PBXTargetDependency */,
			);
			name = IOS9MultipleOutletsTutorialUITests;
			productName = IOS9MultipleOutletsTutorialUITests;
			productReference = E2AB7B291C60E26E0012CAB9 /* IOS9MultipleOutletsTutorialUITests.xctest */;
			productType = "com.apple.product-type.bundle.ui-testing";
		};
/* End PBXNativeTarget section */

/* Begin PBXProject section */
		E2AB7B021C60E26C0012CAB9 /* Project object */ = {
			isa = PBXProject;
			attributes = {
				LastSwiftUpdateCheck = 0720;
				LastUpgradeCheck = 0720;
				ORGANIZATIONNAME = "Arthur Knopper";
				TargetAttributes = {
					E2AB7B091C60E26C0012CAB9 = {
						CreatedOnToolsVersion = 7.2;
					};
					E2AB7B1D1C60E26E0012CAB9 = {
						CreatedOnToolsVersion = 7.2;
						TestTargetID = E2AB7B091C60E26C0012CAB9;
					};
					E2AB7B281C60E26E0012CAB9 = {
						CreatedOnToolsVersion = 7.2;
						TestTargetID = E2AB7B091C60E26C0012CAB9;
					};
				};
			};
			buildConfigurationList = E2AB7B051C60E26C0012CAB9 /* Build configuration list for PBXProject "IOS9MultipleOutletsTutorial" */;
			compatibilityVersion = "Xcode 3.2";
			developmentRegion = English;
			hasScannedForEncodings = 0;
			knownRegions = (
				en,
				Base,
			);
			mainGroup = E2AB7B011C60E26B0012CAB9;
			productRefGroup = E2AB7B0B1C60E26C0012CAB9 /* Products */;
			projectDirPath = "";
			projectRoot = "";
			targets = (
				E2AB7B091C60E26C0012CAB9 /* IOS9MultipleOutletsTutorial */,
				E2AB7B1D1C60E26E0012CAB9 /* IOS9MultipleOutletsTutorialTests */,
				E2AB7B281C60E26E0012CAB9 /* IOS9MultipleOutletsTutorialUITests */,
			);
		};
/* End PBXProject section */

/* Begin PBXResourcesBuildPhase section */
		E2AB7B081C60E26C0012CAB9 /* Resources */ = {
			isa = PBXResourcesBuildPhase;
			buildActionMask = 2147483647;
			files = (
				E2AB7B181C60E26D0012CAB9 /* LaunchScreen.storyboard in Resources */,
				E2AB7B151C60E26D0012CAB9 /* Assets.xcassets in Resources */,
				E2AB7B131C60E26D0012CAB9 /* Main.storyboard in Resources */,
			);
			runOnlyForDeploymentPostprocessing = 0;
		};
		E2AB7B1C1C60E26E0012CAB9 /* Resources */ = {
			isa = PBXResourcesBuildPhase;
			buildActionMask = 2147483647;
			files = (
			);
			runOnlyForDeploymentPostprocessing = 0;
		};
		E2AB7B271C60E26E0012CAB9 /* Resources */ = {
			isa = PBXResourcesBuildPhase;
			buildActionMask = 2147483647;
			files = (
			);
			runOnlyForDeploymentPostprocessing = 0;
		};
/* End PBXResourcesBuildPhase section */

/* Begin PBXSourcesBuildPhase section */
		E2AB7B061C60E26C0012CAB9 /* Sources */ = {
			isa = PBXSourcesBuildPhase;
			buildActionMask = 2147483647;
			files = (
				E2AB7B101C60E26D0012CAB9 /* ViewController.swift in Sources */,
				E2AB7B0E1C60E26D0012CAB9 /* AppDelegate.swift in Sources */,
			);
			runOnlyForDeploymentPostprocessing = 0;
		};
		E2AB7B1A1C60E26E0012CAB9 /* Sources */ = {
			isa = PBXSourcesBuildPhase;
			buildActionMask = 2147483647;
			files = (
				E2AB7B231C60E26E0012CAB9 /* IOS9MultipleOutletsTutorialTests.swift in Sources */,
			);
			runOnlyForDeploymentPostprocessing = 0;
		};
		E2AB7B251C60E26E0012CAB9 /* Sources */ = {
			isa = PBXSourcesBuildPhase;
			buildActionMask = 2147483647;
			files = (
				E2AB7B2E1C60E26E0012CAB9 /* IOS9MultipleOutletsTutorialUITests.swift in Sources */,
			);
			runOnlyForDeploymentPostprocessing = 0;
		};
/* End PBXSourcesBuildPhase section */

/* Begin PBXTargetDependency section */
		E2AB7B201C60E26E0012CAB9 /* PBXTargetDependency */ = {
			isa = PBXTargetDependency;
			target = E2AB7B091C60E26C0012CAB9 /* IOS9MultipleOutletsTutorial */;
			targetProxy = E2AB7B1F1C60E26E0012CAB9 /* PBXContainerItemProxy */;
		};
		E2AB7B2B1C60E26E0012CAB9 /* PBXTargetDependency */ = {
			isa = PBXTargetDependency;
			target = E2AB7B091C60E26C0012CAB9 /* IOS9MultipleOutletsTutorial */;
			targetProxy = E2AB7B2A1C60E26E0012CAB9 /* PBXContainerItemProxy */;
		};
/* End PBXTargetDependency section */

/* Begin PBXVariantGroup section */
		E2AB7B111C60E26D0012CAB9 /* Main.storyboard */ = {
			isa = PBXVariantGroup;
			children = (
				E2AB7B121C60E26D0012CAB9 /* Base */,
			);
			name = Main.storyboard;
			sourceTree = "<group>";
		};
		E2AB7B161C60E26D0012CAB9 /* LaunchScreen.storyboard */ = {
			isa = PBXVariantGroup;
			children = (
				E2AB7B171C60E26D0012CAB9 /* Base */,
			);
			name = LaunchScreen.storyboard;
			sourceTree = "<group>";
		};
/* End PBXVariantGroup section */

/* Begin XCBuildConfiguration section */
		E2AB7B301C60E26E0012CAB9 /* Debug */ = {
			isa = XCBuildConfiguration;
			buildSettings = {
				ALWAYS_SEARCH_USER_PATHS = NO;
				CLANG_CXX_LANGUAGE_STANDARD = "gnu++0x";
				CLANG_CXX_LIBRARY = "libc++";
				CLANG_ENABLE_MODULES = YES;
				CLANG_ENABLE_OBJC_ARC = YES;
				CLANG_WARN_BOOL_CONVERSION = YES;
				CLANG_WARN_CONSTANT_CONVERSION = YES;
				CLANG_WARN_DIRECT_OBJC_ISA_USAGE = YES_ERROR;
				CLANG_WARN_EMPTY_BODY = YES;
				CLANG_WARN_ENUM_CONVERSION = YES;
				CLANG_WARN_INT_CONVERSION = YES;
				CLANG_WARN_OBJC_ROOT_CLASS = YES_ERROR;
				CLANG_WARN_UNREACHABLE_CODE = YES;
				CLANG_WARN__DUPLICATE_METHOD_MATCH = YES;
				"CODE_SIGN_IDENTITY[sdk=iphoneos*]" = "iPhone Developer";
				COPY_PHASE_STRIP = NO;
				DEBUG_INFORMATION_FORMAT = dwarf;
				ENABLE_STRICT_OBJC_MSGSEND = YES;
				ENABLE_TESTABILITY = YES;
				GCC_C_LANGUAGE_STANDARD = gnu99;
				GCC_DYNAMIC_NO_PIC = NO;
				GCC_NO_COMMON_BLOCKS = YES;
				GCC_OPTIMIZATION_LEVEL = 0;
				GCC_PREPROCESSOR_DEFINITIONS = (
					"DEBUG=1",
					"$(inherited)",
				);
				GCC_WARN_64_TO_32_BIT_CONVERSION = YES;
				GCC_WARN_ABOUT_RETURN_TYPE = YES_ERROR;
				GCC_WARN_UNDECLARED_SELECTOR = YES;
				GCC_WARN_UNINITIALIZED_AUTOS = YES_AGGRESSIVE;
				GCC_WARN_UNUSED_FUNCTION = YES;
				GCC_WARN_UNUSED_VARIABLE = YES;
				IPHONEOS_DEPLOYMENT_TARGET = 9.2;
				MTL_ENABLE_DEBUG_INFO = YES;
				ONLY_ACTIVE_ARCH = YES;
				SDKROOT = iphoneos;
				SWIFT_OPTIMIZATION_LEVEL = "-Onone";
			};
			name = Debug;
		};
		E2AB7B311C60E26E0012CAB9 /* Release */ = {
			isa = XCBuildConfiguration;
			buildSettings = {
				ALWAYS_SEARCH_USER_PATHS = NO;
				CLANG_CXX_LANGUAGE_STANDARD = "gnu++0x";
				CLANG_CXX_LIBRARY = "libc++";
				CLANG_ENABLE_MODULES = YES;
				CLANG_ENABLE_OBJC_ARC = YES;
				CLANG_WARN_BOOL_CONVERSION = YES;
				CLANG_WARN_CONSTANT_CONVERSION = YES;
				CLANG_WARN_DIRECT_OBJC_ISA_USAGE = YES_ERROR;
				CLANG_WARN_EMPTY_BODY = YES;
				CLANG_WARN_ENUM_CONVERSION = YES;
				CLANG_WARN_INT_CONVERSION = YES;
				CLANG_WARN_OBJC_ROOT_CLASS = YES_ERROR;
				CLANG_WARN_UNREACHABLE_CODE = YES;
				CLANG_WARN__DUPLICATE_METHOD_MATCH = YES;
				"CODE_SIGN_IDENTITY[sdk=iphoneos*]" = "iPhone Developer";
				COPY_PHASE_STRIP = NO;
				DEBUG_INFORMATION_FORMAT = "dwarf-with-dsym";
				ENABLE_NS_ASSERTIONS = NO;
				ENABLE_STRICT_OBJC_MSGSEND = YES;
				GCC_C_LANGUAGE_STANDARD = gnu99;
				GCC_NO_COMMON_BLOCKS = YES;
				GCC_WARN_64_TO_32_BIT_CONVERSION = YES;
				GCC_WARN_ABOUT_RETURN_TYPE = YES_ERROR;
				GCC_WARN_UNDECLARED_SELECTOR = YES;
				GCC_WARN_UNINITIALIZED_AUTOS = YES_AGGRESSIVE;
				GCC_WARN_UNUSED_FUNCTION = YES;
				GCC_WARN_UNUSED_VARIABLE = YES;
				IPHONEOS_DEPLOYMENT_TARGET = 9.2;
				MTL_ENABLE_DEBUG_INFO = NO;
				SDKROOT = iphoneos;
				VALIDATE_PRODUCT = YES;
			};
			name = Release;
		};
		E2AB7B331C60E26E0012CAB9 /* Debug */ = {
			isa = XCBuildConfiguration;
			buildSettings = {
				ASSETCATALOG_COMPILER_APPICON_NAME = AppIcon;
				INFOPLIST_FILE = IOS9MultipleOutletsTutorial/Info.plist;
				LD_RUNPATH_SEARCH_PATHS = "$(inherited) @executable_path/Frameworks";
				PRODUCT_BUNDLE_IDENTIFIER = com.ioscreator.IOS9MultipleOutletsTutorial;
				PRODUCT_NAME = "$(TARGET_NAME)";
			};
			name = Debug;
		};
		E2AB7B341C60E26E0012CAB9 /* Release */ = {
			isa = XCBuildConfiguration;
			buildSettings = {
				ASSETCATALOG_COMPILER_APPICON_NAME = AppIcon;
				INFOPLIST_FILE = IOS9MultipleOutletsTutorial/Info.plist;
				LD_RUNPATH_SEARCH_PATHS = "$(inherited) @executable_path/Frameworks";
				PRODUCT_BUNDLE_IDENTIFIER = com.ioscreator.IOS9MultipleOutletsTutorial;
				PRODUCT_NAME = "$(TARGET_NAME)";
			};
			name = Release;
		};
		E2AB7B361C60E26E0012CAB9 /* Debug */ = {
			isa = XCBuildConfiguration;
			buildSettings = {
				BUNDLE_LOADER = "$(TEST_HOST)";
				INFOPLIST_FILE = IOS9MultipleOutletsTutorialTests/Info.plist;
				LD_RUNPATH_SEARCH_PATHS = "$(inherited) @executable_path/Frameworks @loader_path/Frameworks";
				PRODUCT_BUNDLE_IDENTIFIER = com.ioscreator.IOS9MultipleOutletsTutorialTests;
				PRODUCT_NAME = "$(TARGET_NAME)";
				TEST_HOST = "$(BUILT_PRODUCTS_DIR)/IOS9MultipleOutletsTutorial.app/IOS9MultipleOutletsTutorial";
			};
			name = Debug;
		};
		E2AB7B371C60E26E0012CAB9 /* Release */ = {
			isa = XCBuildConfiguration;
			buildSettings = {
				BUNDLE_LOADER = "$(TEST_HOST)";
				INFOPLIST_FILE = IOS9MultipleOutletsTutorialTests/Info.plist;
				LD_RUNPATH_SEARCH_PATHS = "$(inherited) @executable_path/Frameworks @loader_path/Frameworks";
				PRODUCT_BUNDLE_IDENTIFIER = com.ioscreator.IOS9MultipleOutletsTutorialTests;
				PRODUCT_NAME = "$(TARGET_NAME)";
				TEST_HOST = "$(BUILT_PRODUCTS_DIR)/IOS9MultipleOutletsTutorial.app/IOS9MultipleOutletsTutorial";
			};
			name = Release;
		};
		E2AB7B391C60E26E0012CAB9 /* Debug */ = {
			isa = XCBuildConfiguration;
			buildSettings = {
				INFOPLIST_FILE = IOS9MultipleOutletsTutorialUITests/Info.plist;
				LD_RUNPATH_SEARCH_PATHS = "$(inherited) @executable_path/Frameworks @loader_path/Frameworks";
				PRODUCT_BUNDLE_IDENTIFIER = com.ioscreator.IOS9MultipleOutletsTutorialUITests;
				PRODUCT_NAME = "$(TARGET_NAME)";
				TEST_TARGET_NAME = IOS9MultipleOutletsTutorial;
				USES_XCTRUNNER = YES;
			};
			name = Debug;
		};
		E2AB7B3A1C60E26E0012CAB9 /* Release */ = {
			isa = XCBuildConfiguration;
			buildSettings = {
				INFOPLIST_FILE = IOS9MultipleOutletsTutorialUITests/Info.plist;
				LD_RUNPATH_SEARCH_PATHS = "$(inherited) @executable_path/Frameworks @loader_path/Frameworks";
				PRODUCT_BUNDLE_IDENTIFIER = com.ioscreator.IOS9MultipleOutletsTutorialUITests;
				PRODUCT_NAME = "$(TARGET_NAME)";
				TEST_TARGET_NAME = IOS9MultipleOutletsTutorial;
				USES_XCTRUNNER = YES;
			};
			name = Release;
		};
/* End XCBuildConfiguration section */

/* Begin XCConfigurationList section */
		E2AB7B051C60E26C0012CAB9 /* Build configuration list for PBXProject "IOS9MultipleOutletsTutorial" */ = {
			isa = XCConfigurationList;
			buildConfigurations = (
				E2AB7B301C60E26E0012CAB9 /* Debug */,
				E2AB7B311C60E26E0012CAB9 /* Release */,
			);
			defaultConfigurationIsVisible = 0;
			defaultConfigurationName = Release;
		};
		E2AB7B321C60E26E0012CAB9 /* Build configuration list for PBXNativeTarget "IOS9MultipleOutletsTutorial" */ = {
			isa = XCConfigurationList;
			buildConfigurations = (
				E2AB7B331C60E26E0012CAB9 /* Debug */,
				E2AB7B341C60E26E0012CAB9 /* Release */,
			);
			defaultConfigurationIsVisible = 0;
		};
		E2AB7B351C60E26E0012CAB9 /* Build configuration list for PBXNativeTarget "IOS9MultipleOutletsTutorialTests" */ = {
			isa = XCConfigurationList;
			buildConfigurations = (
				E2AB7B361C60E26E0012CAB9 /* Debug */,
				E2AB7B371C60E26E0012CAB9 /* Release */,
			);
			defaultConfigurationIsVisible = 0;
		};
		E2AB7B381C60E26E0012CAB9 /* Build configuration list for PBXNativeTarget "IOS9MultipleOutletsTutorialUITests" */ = {
			isa = XCConfigurationList;
			buildConfigurations = (
				E2AB7B391C60E26E0012CAB9 /* Debug */,
				E2AB7B3A1C60E26E0012CAB9 /* Release */,
			);
			defaultConfigurationIsVisible = 0;
		};
/* End XCConfigurationList section */
	};
	rootObject = E2AB7B021C60E26C0012CAB9 /* Project object */;
}
